
Microsoft Visual Studio Solution File, Format Version 12.00
# Visual Studio 14
VisualStudioVersion = 14.0.24720.0
MinimumVisualStudioVersion = 10.0.40219.1
Project("{8BC9CEB8-8B4A-11D0-8D11-00A0C91BC942}") = "Exercise 01", "Exercise 01\Exercise 01.vcxproj", "{16E62ADA-86CD-40B0-9261-D2C70BD9246E}"
EndProject
Project("{8BC9CEB8-8B4A-11D0-8D11-00A0C91BC942}") = "Exercise 02", "Exercise 02\Exercise 02.vcxproj", "{0678C32D-737C-4206-AB35-C46955282152}"
EndProject
Project("{8BC9CEB8-8B4A-11D0-8D11-00A0C91BC942}") = "Exercise 03", "Exercise 03\Exercise 03.vcxproj", "{187BC6DC-342D-4C1C-B985-AFC51AB9322B}"
EndProject
Project("{8BC9CEB8-8B4A-11D0-8D11-00A0C91BC942}") = "Exercise 04", "Exercise 04\Exercise 04.vcxproj", "{AFC41C00-2C4A-4530-9BFE-720CD55F17CD}"
EndProject
Project("{8BC9CEB8-8B4A-11D0-8D11-00A0C91BC942}") = "Exercise 05", "Exercise 05\Exercise 05.vcxproj", "{D69C98A6-8A67-475B-A2E2-456BD5442EC0}"
EndProject
Project("{8BC9CEB8-8B4A-11D0-8D11-00A0C91BC942}") = "Exercise 06", "Exercise 06\Exercise 06.vcxproj", "{02EF2ED5-A211-4F19-ABC3-EDB52A80ECAA}"
EndProject
Project("{8BC9CEB8-8B4A-11D0-8D11-00A0C91BC942}") = "Exercise 07", "Exercise 07\Exercise 07.vcxproj", "{8E65E7AC-1CC8-42C6-9098-68722669BA98}"
EndProject
Project("{8BC9CEB8-8B4A-11D0-8D11-00A0C91BC942}") = "Exercise 08", "Exercise 08\Exercise 08.vcxproj", "{C795441C-2AA6-4818-9CD3-FC802EC42B52}"
EndProject
Project("{8BC9CEB8-8B4A-11D0-8D11-00A0C91BC942}") = "Exercise 09", "Exercise 09\Exercise 09.vcxproj", "{D1F27792-6953-43D7-AA69-75A561D19D11}"
EndProject
Project("{8BC9CEB8-8B4A-11D0-8D11-00A0C91BC942}") = "Exercise 10", "Exercise 10\Exercise 10.vcxproj", "{D14EFA19-786A-4A9E-8AC8-A69DC6992E0D}"
EndProject
Project("{8BC9CEB8-8B4A-11D0-8D11-00A0C91BC942}") = "Exercise 11", "Exercise 11\Exercise 11.vcxproj", "{06C184C1-D416-4D8F-B4E2-057C088B6EC7}"
EndProject
Project("{8BC9CEB8-8B4A-11D0-8D11-00A0C91BC942}") = "Exercise 12", "Exercise 12\Exercise 12.vcxproj", "{3B6E1CD7-C3CF-47FA-99AD-AAFF09090177}"
EndProject
Project("{8BC9CEB8-8B4A-11D0-8D11-00A0C91BC942}") = "Exercise 13", "Exercise 13\Exercise 13.vcxproj", "{D01D9449-A0B9-46B3-80EF-D0947D7D8178}"
EndProject
Project("{8BC9CEB8-8B4A-11D0-8D11-00A0C91BC942}") = "Exercise 14", "Exercise 14\Exercise 14.vcxproj", "{E5199019-92B6-4AA6-9DB9-161389995DE4}"
EndProject
Project("{8BC9CEB8-8B4A-11D0-8D11-00A0C91BC942}") = "Exercise 15", "Exercise 15\Exercise 15.vcxproj", "{9105B39E-85D4-4F39-BF6B-B46325E3F18C}"
EndProject
Project("{8BC9CEB8-8B4A-11D0-8D11-00A0C91BC942}") = "Exercise 16", "Exercise 16\Exercise 16.vcxproj", "{8CF8AAC7-DF55-451F-95F3-9F8CCAC47589}"
EndProject
Project("{8BC9CEB8-8B4A-11D0-8D11-00A0C91BC942}") = "Exercise 17", "Exercise 17\Exercise 17.vcxproj", "{08ED17D9-E2DE-41CF-8544-0B4445C36C04}"
EndProject
Project("{8BC9CEB8-8B4A-11D0-8D11-00A0C91BC942}") = "Exercise 18", "Exercise 18\Exercise 18.vcxproj", "{E5478A54-DF7B-431F-9E6F-6951E2B5DEAC}"
EndProject
Project("{8BC9CEB8-8B4A-11D0-8D11-00A0C91BC942}") = "Exercise 19", "Exercise 19\Exercise 19.vcxproj", "{02BFE920-00FE-4F8E-B730-21568865AE01}"
EndProject
Project("{8BC9CEB8-8B4A-11D0-8D11-00A0C91BC942}") = "Exercise 20", "Exercise 20\Exercise 20.vcxproj", "{8C298B1D-0A11-431F-98AF-74366182CFCB}"
EndProject
Project("{8BC9CEB8-8B4A-11D0-8D11-00A0C91BC942}") = "Exercise 21", "Exercise 21\Exercise 21.vcxproj", "{7C9557D1-87E5-4AAE-A4D3-1C949A8CCB39}"
EndProject
Project("{8BC9CEB8-8B4A-11D0-8D11-00A0C91BC942}") = "Exercise 22", "Exercise 22\Exercise 22.vcxproj", "{99212BB3-B7EC-4D3F-B48C-77581ACEFF48}"
EndProject
Global
	GlobalSection(SolutionConfigurationPlatforms) = preSolution
		Debug|x64 = Debug|x64
		Debug|x86 = Debug|x86
		Release|x64 = Release|x64
		Release|x86 = Release|x86
	EndGlobalSection
	GlobalSection(ProjectConfigurationPlatforms) = postSolution
		{16E62ADA-86CD-40B0-9261-D2C70BD9246E}.Debug|x64.ActiveCfg = Debug|x64
		{16E62ADA-86CD-40B0-9261-D2C70BD9246E}.Debug|x64.Build.0 = Debug|x64
		{16E62ADA-86CD-40B0-9261-D2C70BD9246E}.Debug|x86.ActiveCfg = Debug|Win32
		{16E62ADA-86CD-40B0-9261-D2C70BD9246E}.Debug|x86.Build.0 = Debug|Win32
		{16E62ADA-86CD-40B0-9261-D2C70BD9246E}.Release|x64.ActiveCfg = Release|x64
		{16E62ADA-86CD-40B0-9261-D2C70BD9246E}.Release|x64.Build.0 = Release|x64
		{16E62ADA-86CD-40B0-9261-D2C70BD9246E}.Release|x86.ActiveCfg = Release|Win32
		{16E62ADA-86CD-40B0-9261-D2C70BD9246E}.Release|x86.Build.0 = Release|Win32
		{0678C32D-737C-4206-AB35-C46955282152}.Debug|x64.ActiveCfg = Debug|x64
		{0678C32D-737C-4206-AB35-C46955282152}.Debug|x64.Build.0 = Debug|x64
		{0678C32D-737C-4206-AB35-C46955282152}.Debug|x86.ActiveCfg = Debug|Win32
		{0678C32D-737C-4206-AB35-C46955282152}.Debug|x86.Build.0 = Debug|Win32
		{0678C32D-737C-4206-AB35-C46955282152}.Release|x64.ActiveCfg = Release|x64
		{0678C32D-737C-4206-AB35-C46955282152}.Release|x64.Build.0 = Release|x64
		{0678C32D-737C-4206-AB35-C46955282152}.Release|x86.ActiveCfg = Release|Win32
		{0678C32D-737C-4206-AB35-C46955282152}.Release|x86.Build.0 = Release|Win32
		{187BC6DC-342D-4C1C-B985-AFC51AB9322B}.Debug|x64.ActiveCfg = Debug|x64
		{187BC6DC-342D-4C1C-B985-AFC51AB9322B}.Debug|x64.Build.0 = Debug|x64
		{187BC6DC-342D-4C1C-B985-AFC51AB9322B}.Debug|x86.ActiveCfg = Debug|Win32
		{187BC6DC-342D-4C1C-B985-AFC51AB9322B}.Debug|x86.Build.0 = Debug|Win32
		{187BC6DC-342D-4C1C-B985-AFC51AB9322B}.Release|x64.ActiveCfg = Release|x64
		{187BC6DC-342D-4C1C-B985-AFC51AB9322B}.Release|x64.Build.0 = Release|x64
		{187BC6DC-342D-4C1C-B985-AFC51AB9322B}.Release|x86.ActiveCfg = Release|Win32
		{187BC6DC-342D-4C1C-B985-AFC51AB9322B}.Release|x86.Build.0 = Release|Win32
		{AFC41C00-2C4A-4530-9BFE-720CD55F17CD}.Debug|x64.ActiveCfg = Debug|x64
		{AFC41C00-2C4A-4530-9BFE-720CD55F17CD}.Debug|x64.Build.0 = Debug|x64
		{AFC41C00-2C4A-4530-9BFE-720CD55F17CD}.Debug|x86.ActiveCfg = Debug|Win32
		{AFC41C00-2C4A-4530-9BFE-720CD55F17CD}.Debug|x86.Build.0 = Debug|Win32
		{AFC41C00-2C4A-4530-9BFE-720CD55F17CD}.Release|x64.ActiveCfg = Release|x64
		{AFC41C00-2C4A-4530-9BFE-720CD55F17CD}.Release|x64.Build.0 = Release|x64
		{AFC41C00-2C4A-4530-9BFE-720CD55F17CD}.Release|x86.ActiveCfg = Release|Win32
		{AFC41C00-2C4A-4530-9BFE-720CD55F17CD}.Release|x86.Build.0 = Release|Win32
		{D69C98A6-8A67-475B-A2E2-456BD5442EC0}.Debug|x64.ActiveCfg = Debug|x64
		{D69C98A6-8A67-475B-A2E2-456BD5442EC0}.Debug|x64.Build.0 = Debug|x64
		{D69C98A6-8A67-475B-A2E2-456BD5442EC0}.Debug|x86.ActiveCfg = Debug|Win32
		{D69C98A6-8A67-475B-A2E2-456BD5442EC0}.Debug|x86.Build.0 = Debug|Win32
		{D69C98A6-8A67-475B-A2E2-456BD5442EC0}.Release|x64.ActiveCfg = Release|x64
		{D69C98A6-8A67-475B-A2E2-456BD5442EC0}.Release|x64.Build.0 = Release|x64
		{D69C98A6-8A67-475B-A2E2-456BD5442EC0}.Release|x86.ActiveCfg = Release|Win32
		{D69C98A6-8A67-475B-A2E2-456BD5442EC0}.Release|x86.Build.0 = Release|Win32
		{02EF2ED5-A211-4F19-ABC3-EDB52A80ECAA}.Debug|x64.ActiveCfg = Debug|x64
		{02EF2ED5-A211-4F19-ABC3-EDB52A80ECAA}.Debug|x64.Build.0 = Debug|x64
		{02EF2ED5-A211-4F19-ABC3-EDB52A80ECAA}.Debug|x86.ActiveCfg = Debug|Win32
		{02EF2ED5-A211-4F19-ABC3-EDB52A80ECAA}.Debug|x86.Build.0 = Debug|Win32
		{02EF2ED5-A211-4F19-ABC3-EDB52A80ECAA}.Release|x64.ActiveCfg = Release|x64
		{02EF2ED5-A211-4F19-ABC3-EDB52A80ECAA}.Release|x64.Build.0 = Release|x64
		{02EF2ED5-A211-4F19-ABC3-EDB52A80ECAA}.Release|x86.ActiveCfg = Release|Win32
		{02EF2ED5-A211-4F19-ABC3-EDB52A80ECAA}.Release|x86.Build.0 = Release|Win32
		{8E65E7AC-1CC8-42C6-9098-68722669BA98}.Debug|x64.ActiveCfg = Debug|x64
		{8E65E7AC-1CC8-42C6-9098-68722669BA98}.Debug|x64.Build.0 = Debug|x64
		{8E65E7AC-1CC8-42C6-9098-68722669BA98}.Debug|x86.ActiveCfg = Debug|Win32
		{8E65E7AC-1CC8-42C6-9098-68722669BA98}.Debug|x86.Build.0 = Debug|Win32
		{8E65E7AC-1CC8-42C6-9098-68722669BA98}.Release|x64.ActiveCfg = Release|x64
		{8E65E7AC-1CC8-42C6-9098-68722669BA98}.Release|x64.Build.0 = Release|x64
		{8E65E7AC-1CC8-42C6-9098-68722669BA98}.Release|x86.ActiveCfg = Release|Win32
		{8E65E7AC-1CC8-42C6-9098-68722669BA98}.Release|x86.Build.0 = Release|Win32
		{C795441C-2AA6-4818-9CD3-FC802EC42B52}.Debug|x64.ActiveCfg = Debug|x64
		{C795441C-2AA6-4818-9CD3-FC802EC42B52}.Debug|x64.Build.0 = Debug|x64
		{C795441C-2AA6-4818-9CD3-FC802EC42B52}.Debug|x86.ActiveCfg = Debug|Win32
		{C795441C-2AA6-4818-9CD3-FC802EC42B52}.Debug|x86.Build.0 = Debug|Win32
		{C795441C-2AA6-4818-9CD3-FC802EC42B52}.Release|x64.ActiveCfg = Release|x64
		{C795441C-2AA6-4818-9CD3-FC802EC42B52}.Release|x64.Build.0 = Release|x64
		{C795441C-2AA6-4818-9CD3-FC802EC42B52}.Release|x86.ActiveCfg = Release|Win32
		{C795441C-2AA6-4818-9CD3-FC802EC42B52}.Release|x86.Build.0 = Release|Win32
		{D1F27792-6953-43D7-AA69-75A561D19D11}.Debug|x64.ActiveCfg = Debug|x64
		{D1F27792-6953-43D7-AA69-75A561D19D11}.Debug|x64.Build.0 = Debug|x64
		{D1F27792-6953-43D7-AA69-75A561D19D11}.Debug|x86.ActiveCfg = Debug|Win32
		{D1F27792-6953-43D7-AA69-75A561D19D11}.Debug|x86.Build.0 = Debug|Win32
		{D1F27792-6953-43D7-AA69-75A561D19D11}.Release|x64.ActiveCfg = Release|x64
		{D1F27792-6953-43D7-AA69-75A561D19D11}.Release|x64.Build.0 = Release|x64
		{D1F27792-6953-43D7-AA69-75A561D19D11}.Release|x86.ActiveCfg = Release|Win32
		{D1F27792-6953-43D7-AA69-75A561D19D11}.Release|x86.Build.0 = Release|Win32
		{D14EFA19-786A-4A9E-8AC8-A69DC6992E0D}.Debug|x64.ActiveCfg = Debug|x64
		{D14EFA19-786A-4A9E-8AC8-A69DC6992E0D}.Debug|x64.Build.0 = Debug|x64
		{D14EFA19-786A-4A9E-8AC8-A69DC6992E0D}.Debug|x86.ActiveCfg = Debug|Win32
		{D14EFA19-786A-4A9E-8AC8-A69DC6992E0D}.Debug|x86.Build.0 = Debug|Win32
		{D14EFA19-786A-4A9E-8AC8-A69DC6992E0D}.Release|x64.ActiveCfg = Release|x64
		{D14EFA19-786A-4A9E-8AC8-A69DC6992E0D}.Release|x64.Build.0 = Release|x64
		{D14EFA19-786A-4A9E-8AC8-A69DC6992E0D}.Release|x86.ActiveCfg = Release|Win32
		{D14EFA19-786A-4A9E-8AC8-A69DC6992E0D}.Release|x86.Build.0 = Release|Win32
		{06C184C1-D416-4D8F-B4E2-057C088B6EC7}.Debug|x64.ActiveCfg = Debug|x64
		{06C184C1-D416-4D8F-B4E2-057C088B6EC7}.Debug|x64.Build.0 = Debug|x64
		{06C184C1-D416-4D8F-B4E2-057C088B6EC7}.Debug|x86.ActiveCfg = Debug|Win32
		{06C184C1-D416-4D8F-B4E2-057C088B6EC7}.Debug|x86.Build.0 = Debug|Win32
		{06C184C1-D416-4D8F-B4E2-057C088B6EC7}.Release|x64.ActiveCfg = Release|x64
		{06C184C1-D416-4D8F-B4E2-057C088B6EC7}.Release|x64.Build.0 = Release|x64
		{06C184C1-D416-4D8F-B4E2-057C088B6EC7}.Release|x86.ActiveCfg = Release|Win32
		{06C184C1-D416-4D8F-B4E2-057C088B6EC7}.Release|x86.Build.0 = Release|Win32
		{3B6E1CD7-C3CF-47FA-99AD-AAFF09090177}.Debug|x64.ActiveCfg = Debug|x64
		{3B6E1CD7-C3CF-47FA-99AD-AAFF09090177}.Debug|x64.Build.0 = Debug|x64
		{3B6E1CD7-C3CF-47FA-99AD-AAFF09090177}.Debug|x86.ActiveCfg = Debug|Win32
		{3B6E1CD7-C3CF-47FA-99AD-AAFF09090177}.Debug|x86.Build.0 = Debug|Win32
		{3B6E1CD7-C3CF-47FA-99AD-AAFF09090177}.Release|x64.ActiveCfg = Release|x64
		{3B6E1CD7-C3CF-47FA-99AD-AAFF09090177}.Release|x64.Build.0 = Release|x64
		{3B6E1CD7-C3CF-47FA-99AD-AAFF09090177}.Release|x86.ActiveCfg = Release|Win32
		{3B6E1CD7-C3CF-47FA-99AD-AAFF09090177}.Release|x86.Build.0 = Release|Win32
		{D01D9449-A0B9-46B3-80EF-D0947D7D8178}.Debug|x64.ActiveCfg = Debug|x64
		{D01D9449-A0B9-46B3-80EF-D0947D7D8178}.Debug|x64.Build.0 = Debug|x64
		{D01D9449-A0B9-46B3-80EF-D0947D7D8178}.Debug|x86.ActiveCfg = Debug|Win32
		{D01D9449-A0B9-46B3-80EF-D0947D7D8178}.Debug|x86.Build.0 = Debug|Win32
		{D01D9449-A0B9-46B3-80EF-D0947D7D8178}.Release|x64.ActiveCfg = Release|x64
		{D01D9449-A0B9-46B3-80EF-D0947D7D8178}.Release|x64.Build.0 = Release|x64
		{D01D9449-A0B9-46B3-80EF-D0947D7D8178}.Release|x86.ActiveCfg = Release|Win32
		{D01D9449-A0B9-46B3-80EF-D0947D7D8178}.Release|x86.Build.0 = Release|Win32
		{E5199019-92B6-4AA6-9DB9-161389995DE4}.Debug|x64.ActiveCfg = Debug|x64
		{E5199019-92B6-4AA6-9DB9-161389995DE4}.Debug|x64.Build.0 = Debug|x64
		{E5199019-92B6-4AA6-9DB9-161389995DE4}.Debug|x86.ActiveCfg = Debug|Win32
		{E5199019-92B6-4AA6-9DB9-161389995DE4}.Debug|x86.Build.0 = Debug|Win32
		{E5199019-92B6-4AA6-9DB9-161389995DE4}.Release|x64.ActiveCfg = Release|x64
		{E5199019-92B6-4AA6-9DB9-161389995DE4}.Release|x64.Build.0 = Release|x64
		{E5199019-92B6-4AA6-9DB9-161389995DE4}.Release|x86.ActiveCfg = Release|Win32
		{E5199019-92B6-4AA6-9DB9-161389995DE4}.Release|x86.Build.0 = Release|Win32
		{9105B39E-85D4-4F39-BF6B-B46325E3F18C}.Debug|x64.ActiveCfg = Debug|x64
		{9105B39E-85D4-4F39-BF6B-B46325E3F18C}.Debug|x64.Build.0 = Debug|x64
		{9105B39E-85D4-4F39-BF6B-B46325E3F18C}.Debug|x86.ActiveCfg = Debug|Win32
		{9105B39E-85D4-4F39-BF6B-B46325E3F18C}.Debug|x86.Build.0 = Debug|Win32
		{9105B39E-85D4-4F39-BF6B-B46325E3F18C}.Release|x64.ActiveCfg = Release|x64
		{9105B39E-85D4-4F39-BF6B-B46325E3F18C}.Release|x64.Build.0 = Release|x64
		{9105B39E-85D4-4F39-BF6B-B46325E3F18C}.Release|x86.ActiveCfg = Release|Win32
		{9105B39E-85D4-4F39-BF6B-B46325E3F18C}.Release|x86.Build.0 = Release|Win32
		{8CF8AAC7-DF55-451F-95F3-9F8CCAC47589}.Debug|x64.ActiveCfg = Debug|x64
		{8CF8AAC7-DF55-451F-95F3-9F8CCAC47589}.Debug|x64.Build.0 = Debug|x64
		{8CF8AAC7-DF55-451F-95F3-9F8CCAC47589}.Debug|x86.ActiveCfg = Debug|Win32
		{8CF8AAC7-DF55-451F-95F3-9F8CCAC47589}.Debug|x86.Build.0 = Debug|Win32
		{8CF8AAC7-DF55-451F-95F3-9F8CCAC47589}.Release|x64.ActiveCfg = Release|x64
		{8CF8AAC7-DF55-451F-95F3-9F8CCAC47589}.Release|x64.Build.0 = Release|x64
		{8CF8AAC7-DF55-451F-95F3-9F8CCAC47589}.Release|x86.ActiveCfg = Release|Win32
		{8CF8AAC7-DF55-451F-95F3-9F8CCAC47589}.Release|x86.Build.0 = Release|Win32
		{08ED17D9-E2DE-41CF-8544-0B4445C36C04}.Debug|x64.ActiveCfg = Debug|x64
		{08ED17D9-E2DE-41CF-8544-0B4445C36C04}.Debug|x64.Build.0 = Debug|x64
		{08ED17D9-E2DE-41CF-8544-0B4445C36C04}.Debug|x86.ActiveCfg = Debug|Win32
		{08ED17D9-E2DE-41CF-8544-0B4445C36C04}.Debug|x86.Build.0 = Debug|Win32
		{08ED17D9-E2DE-41CF-8544-0B4445C36C04}.Release|x64.ActiveCfg = Release|x64
		{08ED17D9-E2DE-41CF-8544-0B4445C36C04}.Release|x64.Build.0 = Release|x64
		{08ED17D9-E2DE-41CF-8544-0B4445C36C04}.Release|x86.ActiveCfg = Release|Win32
		{08ED17D9-E2DE-41CF-8544-0B4445C36C04}.Release|x86.Build.0 = Release|Win32
		{E5478A54-DF7B-431F-9E6F-6951E2B5DEAC}.Debug|x64.ActiveCfg = Debug|x64
		{E5478A54-DF7B-431F-9E6F-6951E2B5DEAC}.Debug|x64.Build.0 = Debug|x64
		{E5478A54-DF7B-431F-9E6F-6951E2B5DEAC}.Debug|x86.ActiveCfg = Debug|Win32
		{E5478A54-DF7B-431F-9E6F-6951E2B5DEAC}.Debug|x86.Build.0 = Debug|Win32
		{E5478A54-DF7B-431F-9E6F-6951E2B5DEAC}.Release|x64.ActiveCfg = Release|x64
		{E5478A54-DF7B-431F-9E6F-6951E2B5DEAC}.Release|x64.Build.0 = Release|x64
		{E5478A54-DF7B-431F-9E6F-6951E2B5DEAC}.Release|x86.ActiveCfg = Release|Win32
		{E5478A54-DF7B-431F-9E6F-6951E2B5DEAC}.Release|x86.Build.0 = Release|Win32
		{02BFE920-00FE-4F8E-B730-21568865AE01}.Debug|x64.ActiveCfg = Debug|x64
		{02BFE920-00FE-4F8E-B730-21568865AE01}.Debug|x64.Build.0 = Debug|x64
		{02BFE920-00FE-4F8E-B730-21568865AE01}.Debug|x86.ActiveCfg = Debug|Win32
		{02BFE920-00FE-4F8E-B730-21568865AE01}.Debug|x86.Build.0 = Debug|Win32
		{02BFE920-00FE-4F8E-B730-21568865AE01}.Release|x64.ActiveCfg = Release|x64
		{02BFE920-00FE-4F8E-B730-21568865AE01}.Release|x64.Build.0 = Release|x64
		{02BFE920-00FE-4F8E-B730-21568865AE01}.Release|x86.ActiveCfg = Release|Win32
		{02BFE920-00FE-4F8E-B730-21568865AE01}.Release|x86.Build.0 = Release|Win32
		{8C298B1D-0A11-431F-98AF-74366182CFCB}.Debug|x64.ActiveCfg = Debug|x64
		{8C298B1D-0A11-431F-98AF-74366182CFCB}.Debug|x64.Build.0 = Debug|x64
		{8C298B1D-0A11-431F-98AF-74366182CFCB}.Debug|x86.ActiveCfg = Debug|Win32
		{8C298B1D-0A11-431F-98AF-74366182CFCB}.Debug|x86.Build.0 = Debug|Win32
		{8C298B1D-0A11-431F-98AF-74366182CFCB}.Release|x64.ActiveCfg = Release|x64
		{8C298B1D-0A11-431F-98AF-74366182CFCB}.Release|x64.Build.0 = Release|x64
		{8C298B1D-0A11-431F-98AF-74366182CFCB}.Release|x86.ActiveCfg = Release|Win32
		{8C298B1D-0A11-431F-98AF-74366182CFCB}.Release|x86.Build.0 = Release|Win32
		{7C9557D1-87E5-4AAE-A4D3-1C949A8CCB39}.Debug|x64.ActiveCfg = Debug|x64
		{7C9557D1-87E5-4AAE-A4D3-1C949A8CCB39}.Debug|x64.Build.0 = Debug|x64
		{7C9557D1-87E5-4AAE-A4D3-1C949A8CCB39}.Debug|x86.ActiveCfg = Debug|Win32
		{7C9557D1-87E5-4AAE-A4D3-1C949A8CCB39}.Debug|x86.Build.0 = Debug|Win32
		{7C9557D1-87E5-4AAE-A4D3-1C949A8CCB39}.Release|x64.ActiveCfg = Release|x64
		{7C9557D1-87E5-4AAE-A4D3-1C949A8CCB39}.Release|x64.Build.0 = Release|x64
		{7C9557D1-87E5-4AAE-A4D3-1C949A8CCB39}.Release|x86.ActiveCfg = Release|Win32
		{7C9557D1-87E5-4AAE-A4D3-1C949A8CCB39}.Release|x86.Build.0 = Release|Win32
		{99212BB3-B7EC-4D3F-B48C-77581ACEFF48}.Debug|x64.ActiveCfg = Debug|x64
		{99212BB3-B7EC-4D3F-B48C-77581ACEFF48}.Debug|x64.Build.0 = Debug|x64
		{99212BB3-B7EC-4D3F-B48C-77581ACEFF48}.Debug|x86.ActiveCfg = Debug|Win32
		{99212BB3-B7EC-4D3F-B48C-77581ACEFF48}.Debug|x86.Build.0 = Debug|Win32
		{99212BB3-B7EC-4D3F-B48C-77581ACEFF48}.Release|x64.ActiveCfg = Release|x64
		{99212BB3-B7EC-4D3F-B48C-77581ACEFF48}.Release|x64.Build.0 = Release|x64
		{99212BB3-B7EC-4D3F-B48C-77581ACEFF48}.Release|x86.ActiveCfg = Release|Win32
		{99212BB3-B7EC-4D3F-B48C-77581ACEFF48}.Release|x86.Build.0 = Release|Win32
	EndGlobalSection
	GlobalSection(SolutionProperties) = preSolution
		HideSolutionNode = FALSE
	EndGlobalSection
EndGlobal
