
Microsoft Visual Studio Solution File, Format Version 12.00
# Visual Studio 14
VisualStudioVersion = 14.0.24720.0
MinimumVisualStudioVersion = 10.0.40219.1
Project("{8BC9CEB8-8B4A-11D0-8D11-00A0C91BC942}") = "Example 01", "Example 01\Example 01.vcxproj", "{C0A05185-EFB6-4734-AB12-642E957F40C4}"
EndProject
Project("{8BC9CEB8-8B4A-11D0-8D11-00A0C91BC942}") = "Example 02", "Example 02\Example 02.vcxproj", "{F7CB4F45-D5C9-4573-8636-D97F00A3A337}"
EndProject
Project("{8BC9CEB8-8B4A-11D0-8D11-00A0C91BC942}") = "Example 03", "Example 03\Example 03.vcxproj", "{17FE11B2-0B92-4528-BE89-ADE02D355A7E}"
EndProject
Project("{8BC9CEB8-8B4A-11D0-8D11-00A0C91BC942}") = "Example 04", "Example 04\Example 04.vcxproj", "{57235F41-0B06-4FF1-B3FF-1BE7B14EBF80}"
EndProject
Project("{8BC9CEB8-8B4A-11D0-8D11-00A0C91BC942}") = "Example 05", "Example 05\Example 05.vcxproj", "{22816EA7-AECE-4538-9787-3268F7EEDDAF}"
EndProject
Project("{8BC9CEB8-8B4A-11D0-8D11-00A0C91BC942}") = "Example 06", "Example 06\Example 06.vcxproj", "{89306C19-1141-48D2-8DE8-A35F17EE776E}"
EndProject
Project("{8BC9CEB8-8B4A-11D0-8D11-00A0C91BC942}") = "Example 07", "Example 07\Example 07.vcxproj", "{B66ACB71-1B33-4FD2-8D76-D27D9B09105C}"
EndProject
Project("{8BC9CEB8-8B4A-11D0-8D11-00A0C91BC942}") = "Example 08", "Example 08\Example 08.vcxproj", "{64A71A3B-5997-4638-82A6-073F71F18794}"
EndProject
Project("{8BC9CEB8-8B4A-11D0-8D11-00A0C91BC942}") = "Example 09", "Example 09\Example 09.vcxproj", "{84981D12-C855-4563-9E17-3513C7E00179}"
EndProject
Project("{8BC9CEB8-8B4A-11D0-8D11-00A0C91BC942}") = "Example 10", "Example 10\Example 10.vcxproj", "{B74318CF-C5FA-4955-AC34-70E854C77A9E}"
EndProject
Project("{8BC9CEB8-8B4A-11D0-8D11-00A0C91BC942}") = "Example 11", "Example 11\Example 11.vcxproj", "{6CB0C563-9424-45DC-865F-CF1733E9F01A}"
EndProject
Project("{8BC9CEB8-8B4A-11D0-8D11-00A0C91BC942}") = "Example 12", "Example 12\Example 12.vcxproj", "{8BBD71F0-7E0A-4603-828A-588C9CB97DB6}"
EndProject
Project("{8BC9CEB8-8B4A-11D0-8D11-00A0C91BC942}") = "Example 13", "Example 13\Example 13.vcxproj", "{ACA0544C-FDE6-42E7-BF99-D82D88ACF8FA}"
EndProject
Global
	GlobalSection(SolutionConfigurationPlatforms) = preSolution
		Debug|x64 = Debug|x64
		Debug|x86 = Debug|x86
		Release|x64 = Release|x64
		Release|x86 = Release|x86
	EndGlobalSection
	GlobalSection(ProjectConfigurationPlatforms) = postSolution
		{C0A05185-EFB6-4734-AB12-642E957F40C4}.Debug|x64.ActiveCfg = Debug|x64
		{C0A05185-EFB6-4734-AB12-642E957F40C4}.Debug|x64.Build.0 = Debug|x64
		{C0A05185-EFB6-4734-AB12-642E957F40C4}.Debug|x86.ActiveCfg = Debug|Win32
		{C0A05185-EFB6-4734-AB12-642E957F40C4}.Debug|x86.Build.0 = Debug|Win32
		{C0A05185-EFB6-4734-AB12-642E957F40C4}.Release|x64.ActiveCfg = Release|x64
		{C0A05185-EFB6-4734-AB12-642E957F40C4}.Release|x64.Build.0 = Release|x64
		{C0A05185-EFB6-4734-AB12-642E957F40C4}.Release|x86.ActiveCfg = Release|Win32
		{C0A05185-EFB6-4734-AB12-642E957F40C4}.Release|x86.Build.0 = Release|Win32
		{F7CB4F45-D5C9-4573-8636-D97F00A3A337}.Debug|x64.ActiveCfg = Debug|x64
		{F7CB4F45-D5C9-4573-8636-D97F00A3A337}.Debug|x64.Build.0 = Debug|x64
		{F7CB4F45-D5C9-4573-8636-D97F00A3A337}.Debug|x86.ActiveCfg = Debug|Win32
		{F7CB4F45-D5C9-4573-8636-D97F00A3A337}.Debug|x86.Build.0 = Debug|Win32
		{F7CB4F45-D5C9-4573-8636-D97F00A3A337}.Release|x64.ActiveCfg = Release|x64
		{F7CB4F45-D5C9-4573-8636-D97F00A3A337}.Release|x64.Build.0 = Release|x64
		{F7CB4F45-D5C9-4573-8636-D97F00A3A337}.Release|x86.ActiveCfg = Release|Win32
		{F7CB4F45-D5C9-4573-8636-D97F00A3A337}.Release|x86.Build.0 = Release|Win32
		{17FE11B2-0B92-4528-BE89-ADE02D355A7E}.Debug|x64.ActiveCfg = Debug|x64
		{17FE11B2-0B92-4528-BE89-ADE02D355A7E}.Debug|x64.Build.0 = Debug|x64
		{17FE11B2-0B92-4528-BE89-ADE02D355A7E}.Debug|x86.ActiveCfg = Debug|Win32
		{17FE11B2-0B92-4528-BE89-ADE02D355A7E}.Debug|x86.Build.0 = Debug|Win32
		{17FE11B2-0B92-4528-BE89-ADE02D355A7E}.Release|x64.ActiveCfg = Release|x64
		{17FE11B2-0B92-4528-BE89-ADE02D355A7E}.Release|x64.Build.0 = Release|x64
		{17FE11B2-0B92-4528-BE89-ADE02D355A7E}.Release|x86.ActiveCfg = Release|Win32
		{17FE11B2-0B92-4528-BE89-ADE02D355A7E}.Release|x86.Build.0 = Release|Win32
		{57235F41-0B06-4FF1-B3FF-1BE7B14EBF80}.Debug|x64.ActiveCfg = Debug|x64
		{57235F41-0B06-4FF1-B3FF-1BE7B14EBF80}.Debug|x64.Build.0 = Debug|x64
		{57235F41-0B06-4FF1-B3FF-1BE7B14EBF80}.Debug|x86.ActiveCfg = Debug|Win32
		{57235F41-0B06-4FF1-B3FF-1BE7B14EBF80}.Debug|x86.Build.0 = Debug|Win32
		{57235F41-0B06-4FF1-B3FF-1BE7B14EBF80}.Release|x64.ActiveCfg = Release|x64
		{57235F41-0B06-4FF1-B3FF-1BE7B14EBF80}.Release|x64.Build.0 = Release|x64
		{57235F41-0B06-4FF1-B3FF-1BE7B14EBF80}.Release|x86.ActiveCfg = Release|Win32
		{57235F41-0B06-4FF1-B3FF-1BE7B14EBF80}.Release|x86.Build.0 = Release|Win32
		{22816EA7-AECE-4538-9787-3268F7EEDDAF}.Debug|x64.ActiveCfg = Debug|x64
		{22816EA7-AECE-4538-9787-3268F7EEDDAF}.Debug|x64.Build.0 = Debug|x64
		{22816EA7-AECE-4538-9787-3268F7EEDDAF}.Debug|x86.ActiveCfg = Debug|Win32
		{22816EA7-AECE-4538-9787-3268F7EEDDAF}.Debug|x86.Build.0 = Debug|Win32
		{22816EA7-AECE-4538-9787-3268F7EEDDAF}.Release|x64.ActiveCfg = Release|x64
		{22816EA7-AECE-4538-9787-3268F7EEDDAF}.Release|x64.Build.0 = Release|x64
		{22816EA7-AECE-4538-9787-3268F7EEDDAF}.Release|x86.ActiveCfg = Release|Win32
		{22816EA7-AECE-4538-9787-3268F7EEDDAF}.Release|x86.Build.0 = Release|Win32
		{89306C19-1141-48D2-8DE8-A35F17EE776E}.Debug|x64.ActiveCfg = Debug|x64
		{89306C19-1141-48D2-8DE8-A35F17EE776E}.Debug|x64.Build.0 = Debug|x64
		{89306C19-1141-48D2-8DE8-A35F17EE776E}.Debug|x86.ActiveCfg = Debug|Win32
		{89306C19-1141-48D2-8DE8-A35F17EE776E}.Debug|x86.Build.0 = Debug|Win32
		{89306C19-1141-48D2-8DE8-A35F17EE776E}.Release|x64.ActiveCfg = Release|x64
		{89306C19-1141-48D2-8DE8-A35F17EE776E}.Release|x64.Build.0 = Release|x64
		{89306C19-1141-48D2-8DE8-A35F17EE776E}.Release|x86.ActiveCfg = Release|Win32
		{89306C19-1141-48D2-8DE8-A35F17EE776E}.Release|x86.Build.0 = Release|Win32
		{B66ACB71-1B33-4FD2-8D76-D27D9B09105C}.Debug|x64.ActiveCfg = Debug|x64
		{B66ACB71-1B33-4FD2-8D76-D27D9B09105C}.Debug|x64.Build.0 = Debug|x64
		{B66ACB71-1B33-4FD2-8D76-D27D9B09105C}.Debug|x86.ActiveCfg = Debug|Win32
		{B66ACB71-1B33-4FD2-8D76-D27D9B09105C}.Debug|x86.Build.0 = Debug|Win32
		{B66ACB71-1B33-4FD2-8D76-D27D9B09105C}.Release|x64.ActiveCfg = Release|x64
		{B66ACB71-1B33-4FD2-8D76-D27D9B09105C}.Release|x64.Build.0 = Release|x64
		{B66ACB71-1B33-4FD2-8D76-D27D9B09105C}.Release|x86.ActiveCfg = Release|Win32
		{B66ACB71-1B33-4FD2-8D76-D27D9B09105C}.Release|x86.Build.0 = Release|Win32
		{64A71A3B-5997-4638-82A6-073F71F18794}.Debug|x64.ActiveCfg = Debug|x64
		{64A71A3B-5997-4638-82A6-073F71F18794}.Debug|x64.Build.0 = Debug|x64
		{64A71A3B-5997-4638-82A6-073F71F18794}.Debug|x86.ActiveCfg = Debug|Win32
		{64A71A3B-5997-4638-82A6-073F71F18794}.Debug|x86.Build.0 = Debug|Win32
		{64A71A3B-5997-4638-82A6-073F71F18794}.Release|x64.ActiveCfg = Release|x64
		{64A71A3B-5997-4638-82A6-073F71F18794}.Release|x64.Build.0 = Release|x64
		{64A71A3B-5997-4638-82A6-073F71F18794}.Release|x86.ActiveCfg = Release|Win32
		{64A71A3B-5997-4638-82A6-073F71F18794}.Release|x86.Build.0 = Release|Win32
		{84981D12-C855-4563-9E17-3513C7E00179}.Debug|x64.ActiveCfg = Debug|x64
		{84981D12-C855-4563-9E17-3513C7E00179}.Debug|x64.Build.0 = Debug|x64
		{84981D12-C855-4563-9E17-3513C7E00179}.Debug|x86.ActiveCfg = Debug|Win32
		{84981D12-C855-4563-9E17-3513C7E00179}.Debug|x86.Build.0 = Debug|Win32
		{84981D12-C855-4563-9E17-3513C7E00179}.Release|x64.ActiveCfg = Release|x64
		{84981D12-C855-4563-9E17-3513C7E00179}.Release|x64.Build.0 = Release|x64
		{84981D12-C855-4563-9E17-3513C7E00179}.Release|x86.ActiveCfg = Release|Win32
		{84981D12-C855-4563-9E17-3513C7E00179}.Release|x86.Build.0 = Release|Win32
		{B74318CF-C5FA-4955-AC34-70E854C77A9E}.Debug|x64.ActiveCfg = Debug|x64
		{B74318CF-C5FA-4955-AC34-70E854C77A9E}.Debug|x64.Build.0 = Debug|x64
		{B74318CF-C5FA-4955-AC34-70E854C77A9E}.Debug|x86.ActiveCfg = Debug|Win32
		{B74318CF-C5FA-4955-AC34-70E854C77A9E}.Debug|x86.Build.0 = Debug|Win32
		{B74318CF-C5FA-4955-AC34-70E854C77A9E}.Release|x64.ActiveCfg = Release|x64
		{B74318CF-C5FA-4955-AC34-70E854C77A9E}.Release|x64.Build.0 = Release|x64
		{B74318CF-C5FA-4955-AC34-70E854C77A9E}.Release|x86.ActiveCfg = Release|Win32
		{B74318CF-C5FA-4955-AC34-70E854C77A9E}.Release|x86.Build.0 = Release|Win32
		{6CB0C563-9424-45DC-865F-CF1733E9F01A}.Debug|x64.ActiveCfg = Debug|x64
		{6CB0C563-9424-45DC-865F-CF1733E9F01A}.Debug|x64.Build.0 = Debug|x64
		{6CB0C563-9424-45DC-865F-CF1733E9F01A}.Debug|x86.ActiveCfg = Debug|Win32
		{6CB0C563-9424-45DC-865F-CF1733E9F01A}.Debug|x86.Build.0 = Debug|Win32
		{6CB0C563-9424-45DC-865F-CF1733E9F01A}.Release|x64.ActiveCfg = Release|x64
		{6CB0C563-9424-45DC-865F-CF1733E9F01A}.Release|x64.Build.0 = Release|x64
		{6CB0C563-9424-45DC-865F-CF1733E9F01A}.Release|x86.ActiveCfg = Release|Win32
		{6CB0C563-9424-45DC-865F-CF1733E9F01A}.Release|x86.Build.0 = Release|Win32
		{8BBD71F0-7E0A-4603-828A-588C9CB97DB6}.Debug|x64.ActiveCfg = Debug|x64
		{8BBD71F0-7E0A-4603-828A-588C9CB97DB6}.Debug|x64.Build.0 = Debug|x64
		{8BBD71F0-7E0A-4603-828A-588C9CB97DB6}.Debug|x86.ActiveCfg = Debug|Win32
		{8BBD71F0-7E0A-4603-828A-588C9CB97DB6}.Debug|x86.Build.0 = Debug|Win32
		{8BBD71F0-7E0A-4603-828A-588C9CB97DB6}.Release|x64.ActiveCfg = Release|x64
		{8BBD71F0-7E0A-4603-828A-588C9CB97DB6}.Release|x64.Build.0 = Release|x64
		{8BBD71F0-7E0A-4603-828A-588C9CB97DB6}.Release|x86.ActiveCfg = Release|Win32
		{8BBD71F0-7E0A-4603-828A-588C9CB97DB6}.Release|x86.Build.0 = Release|Win32
		{ACA0544C-FDE6-42E7-BF99-D82D88ACF8FA}.Debug|x64.ActiveCfg = Debug|x64
		{ACA0544C-FDE6-42E7-BF99-D82D88ACF8FA}.Debug|x64.Build.0 = Debug|x64
		{ACA0544C-FDE6-42E7-BF99-D82D88ACF8FA}.Debug|x86.ActiveCfg = Debug|Win32
		{ACA0544C-FDE6-42E7-BF99-D82D88ACF8FA}.Debug|x86.Build.0 = Debug|Win32
		{ACA0544C-FDE6-42E7-BF99-D82D88ACF8FA}.Release|x64.ActiveCfg = Release|x64
		{ACA0544C-FDE6-42E7-BF99-D82D88ACF8FA}.Release|x64.Build.0 = Release|x64
		{ACA0544C-FDE6-42E7-BF99-D82D88ACF8FA}.Release|x86.ActiveCfg = Release|Win32
		{ACA0544C-FDE6-42E7-BF99-D82D88ACF8FA}.Release|x86.Build.0 = Release|Win32
	EndGlobalSection
	GlobalSection(SolutionProperties) = preSolution
		HideSolutionNode = FALSE
	EndGlobalSection
EndGlobal
