
Microsoft Visual Studio Solution File, Format Version 12.00
# Visual Studio 14
VisualStudioVersion = 14.0.24720.0
MinimumVisualStudioVersion = 10.0.40219.1
Project("{8BC9CEB8-8B4A-11D0-8D11-00A0C91BC942}") = "Exercise 01", "Exercise 01\Exercise 01.vcxproj", "{A390ABE4-A37A-487B-9CBB-B44D15E18B0E}"
EndProject
Project("{8BC9CEB8-8B4A-11D0-8D11-00A0C91BC942}") = "Exercise 02", "Exercise 02\Exercise 02.vcxproj", "{41D23715-11B2-4B57-87F7-B5B8B1695213}"
EndProject
Project("{8BC9CEB8-8B4A-11D0-8D11-00A0C91BC942}") = "Exercise 03", "Exercise 03\Exercise 03.vcxproj", "{FC0286DF-D76F-4493-B1AF-6097C0ED8D2C}"
EndProject
Project("{8BC9CEB8-8B4A-11D0-8D11-00A0C91BC942}") = "Exercise 04", "Exercise 04\Exercise 04.vcxproj", "{9D6C8A15-F00B-425A-8F42-EBAED460FFCE}"
EndProject
Project("{8BC9CEB8-8B4A-11D0-8D11-00A0C91BC942}") = "Exercise 05", "Exercise 05\Exercise 05.vcxproj", "{2109ADA7-3BBA-4FE2-A0A6-1EC9DDD9DD8D}"
EndProject
Project("{8BC9CEB8-8B4A-11D0-8D11-00A0C91BC942}") = "Exercise 06", "Exercise 06\Exercise 06.vcxproj", "{5B17D308-481C-4ECA-84FA-BCDFB756F1D4}"
EndProject
Project("{8BC9CEB8-8B4A-11D0-8D11-00A0C91BC942}") = "Exercise 07", "Exercise 07\Exercise 07.vcxproj", "{992D2A7C-FB83-4725-8C0A-91F04141A656}"
EndProject
Project("{8BC9CEB8-8B4A-11D0-8D11-00A0C91BC942}") = "Exercise 08", "Exercise 08\Exercise 08.vcxproj", "{074F9F12-04EA-4718-842F-B48135576D21}"
EndProject
Project("{8BC9CEB8-8B4A-11D0-8D11-00A0C91BC942}") = "Exercise 09", "Exercise 09\Exercise 09.vcxproj", "{311A6669-993D-4C18-A1E5-399FBE42D5F8}"
EndProject
Project("{8BC9CEB8-8B4A-11D0-8D11-00A0C91BC942}") = "Exercise 10", "Exercise 10\Exercise 10.vcxproj", "{6050CD5B-1456-49A9-B547-E870037099A8}"
EndProject
Project("{8BC9CEB8-8B4A-11D0-8D11-00A0C91BC942}") = "Exercise 11", "Exercise 11\Exercise 11.vcxproj", "{F705FCC0-F298-4345-93B0-D898BFBF685E}"
EndProject
Project("{8BC9CEB8-8B4A-11D0-8D11-00A0C91BC942}") = "Exercise 12", "Exercise 12\Exercise 12.vcxproj", "{8C4D69D1-8497-4F9A-A2A9-179F5FAF0CD7}"
EndProject
Project("{8BC9CEB8-8B4A-11D0-8D11-00A0C91BC942}") = "Exercise 13", "Exercise 13\Exercise 13.vcxproj", "{C62C3E5A-9EB9-4285-84CD-83745AF50C3C}"
EndProject
Project("{8BC9CEB8-8B4A-11D0-8D11-00A0C91BC942}") = "Exercise 14", "Exercise 14\Exercise 14.vcxproj", "{2D1935B4-2029-4980-936F-221EFAB57FDC}"
EndProject
Global
	GlobalSection(SolutionConfigurationPlatforms) = preSolution
		Debug|x64 = Debug|x64
		Debug|x86 = Debug|x86
		Release|x64 = Release|x64
		Release|x86 = Release|x86
	EndGlobalSection
	GlobalSection(ProjectConfigurationPlatforms) = postSolution
		{A390ABE4-A37A-487B-9CBB-B44D15E18B0E}.Debug|x64.ActiveCfg = Debug|x64
		{A390ABE4-A37A-487B-9CBB-B44D15E18B0E}.Debug|x64.Build.0 = Debug|x64
		{A390ABE4-A37A-487B-9CBB-B44D15E18B0E}.Debug|x86.ActiveCfg = Debug|Win32
		{A390ABE4-A37A-487B-9CBB-B44D15E18B0E}.Debug|x86.Build.0 = Debug|Win32
		{A390ABE4-A37A-487B-9CBB-B44D15E18B0E}.Release|x64.ActiveCfg = Release|x64
		{A390ABE4-A37A-487B-9CBB-B44D15E18B0E}.Release|x64.Build.0 = Release|x64
		{A390ABE4-A37A-487B-9CBB-B44D15E18B0E}.Release|x86.ActiveCfg = Release|Win32
		{A390ABE4-A37A-487B-9CBB-B44D15E18B0E}.Release|x86.Build.0 = Release|Win32
		{41D23715-11B2-4B57-87F7-B5B8B1695213}.Debug|x64.ActiveCfg = Debug|x64
		{41D23715-11B2-4B57-87F7-B5B8B1695213}.Debug|x64.Build.0 = Debug|x64
		{41D23715-11B2-4B57-87F7-B5B8B1695213}.Debug|x86.ActiveCfg = Debug|Win32
		{41D23715-11B2-4B57-87F7-B5B8B1695213}.Debug|x86.Build.0 = Debug|Win32
		{41D23715-11B2-4B57-87F7-B5B8B1695213}.Release|x64.ActiveCfg = Release|x64
		{41D23715-11B2-4B57-87F7-B5B8B1695213}.Release|x64.Build.0 = Release|x64
		{41D23715-11B2-4B57-87F7-B5B8B1695213}.Release|x86.ActiveCfg = Release|Win32
		{41D23715-11B2-4B57-87F7-B5B8B1695213}.Release|x86.Build.0 = Release|Win32
		{FC0286DF-D76F-4493-B1AF-6097C0ED8D2C}.Debug|x64.ActiveCfg = Debug|x64
		{FC0286DF-D76F-4493-B1AF-6097C0ED8D2C}.Debug|x64.Build.0 = Debug|x64
		{FC0286DF-D76F-4493-B1AF-6097C0ED8D2C}.Debug|x86.ActiveCfg = Debug|Win32
		{FC0286DF-D76F-4493-B1AF-6097C0ED8D2C}.Debug|x86.Build.0 = Debug|Win32
		{FC0286DF-D76F-4493-B1AF-6097C0ED8D2C}.Release|x64.ActiveCfg = Release|x64
		{FC0286DF-D76F-4493-B1AF-6097C0ED8D2C}.Release|x64.Build.0 = Release|x64
		{FC0286DF-D76F-4493-B1AF-6097C0ED8D2C}.Release|x86.ActiveCfg = Release|Win32
		{FC0286DF-D76F-4493-B1AF-6097C0ED8D2C}.Release|x86.Build.0 = Release|Win32
		{9D6C8A15-F00B-425A-8F42-EBAED460FFCE}.Debug|x64.ActiveCfg = Debug|x64
		{9D6C8A15-F00B-425A-8F42-EBAED460FFCE}.Debug|x64.Build.0 = Debug|x64
		{9D6C8A15-F00B-425A-8F42-EBAED460FFCE}.Debug|x86.ActiveCfg = Debug|Win32
		{9D6C8A15-F00B-425A-8F42-EBAED460FFCE}.Debug|x86.Build.0 = Debug|Win32
		{9D6C8A15-F00B-425A-8F42-EBAED460FFCE}.Release|x64.ActiveCfg = Release|x64
		{9D6C8A15-F00B-425A-8F42-EBAED460FFCE}.Release|x64.Build.0 = Release|x64
		{9D6C8A15-F00B-425A-8F42-EBAED460FFCE}.Release|x86.ActiveCfg = Release|Win32
		{9D6C8A15-F00B-425A-8F42-EBAED460FFCE}.Release|x86.Build.0 = Release|Win32
		{2109ADA7-3BBA-4FE2-A0A6-1EC9DDD9DD8D}.Debug|x64.ActiveCfg = Debug|x64
		{2109ADA7-3BBA-4FE2-A0A6-1EC9DDD9DD8D}.Debug|x64.Build.0 = Debug|x64
		{2109ADA7-3BBA-4FE2-A0A6-1EC9DDD9DD8D}.Debug|x86.ActiveCfg = Debug|Win32
		{2109ADA7-3BBA-4FE2-A0A6-1EC9DDD9DD8D}.Debug|x86.Build.0 = Debug|Win32
		{2109ADA7-3BBA-4FE2-A0A6-1EC9DDD9DD8D}.Release|x64.ActiveCfg = Release|x64
		{2109ADA7-3BBA-4FE2-A0A6-1EC9DDD9DD8D}.Release|x64.Build.0 = Release|x64
		{2109ADA7-3BBA-4FE2-A0A6-1EC9DDD9DD8D}.Release|x86.ActiveCfg = Release|Win32
		{2109ADA7-3BBA-4FE2-A0A6-1EC9DDD9DD8D}.Release|x86.Build.0 = Release|Win32
		{5B17D308-481C-4ECA-84FA-BCDFB756F1D4}.Debug|x64.ActiveCfg = Debug|x64
		{5B17D308-481C-4ECA-84FA-BCDFB756F1D4}.Debug|x64.Build.0 = Debug|x64
		{5B17D308-481C-4ECA-84FA-BCDFB756F1D4}.Debug|x86.ActiveCfg = Debug|Win32
		{5B17D308-481C-4ECA-84FA-BCDFB756F1D4}.Debug|x86.Build.0 = Debug|Win32
		{5B17D308-481C-4ECA-84FA-BCDFB756F1D4}.Release|x64.ActiveCfg = Release|x64
		{5B17D308-481C-4ECA-84FA-BCDFB756F1D4}.Release|x64.Build.0 = Release|x64
		{5B17D308-481C-4ECA-84FA-BCDFB756F1D4}.Release|x86.ActiveCfg = Release|Win32
		{5B17D308-481C-4ECA-84FA-BCDFB756F1D4}.Release|x86.Build.0 = Release|Win32
		{992D2A7C-FB83-4725-8C0A-91F04141A656}.Debug|x64.ActiveCfg = Debug|x64
		{992D2A7C-FB83-4725-8C0A-91F04141A656}.Debug|x64.Build.0 = Debug|x64
		{992D2A7C-FB83-4725-8C0A-91F04141A656}.Debug|x86.ActiveCfg = Debug|Win32
		{992D2A7C-FB83-4725-8C0A-91F04141A656}.Debug|x86.Build.0 = Debug|Win32
		{992D2A7C-FB83-4725-8C0A-91F04141A656}.Release|x64.ActiveCfg = Release|x64
		{992D2A7C-FB83-4725-8C0A-91F04141A656}.Release|x64.Build.0 = Release|x64
		{992D2A7C-FB83-4725-8C0A-91F04141A656}.Release|x86.ActiveCfg = Release|Win32
		{992D2A7C-FB83-4725-8C0A-91F04141A656}.Release|x86.Build.0 = Release|Win32
		{074F9F12-04EA-4718-842F-B48135576D21}.Debug|x64.ActiveCfg = Debug|x64
		{074F9F12-04EA-4718-842F-B48135576D21}.Debug|x64.Build.0 = Debug|x64
		{074F9F12-04EA-4718-842F-B48135576D21}.Debug|x86.ActiveCfg = Debug|Win32
		{074F9F12-04EA-4718-842F-B48135576D21}.Debug|x86.Build.0 = Debug|Win32
		{074F9F12-04EA-4718-842F-B48135576D21}.Release|x64.ActiveCfg = Release|x64
		{074F9F12-04EA-4718-842F-B48135576D21}.Release|x64.Build.0 = Release|x64
		{074F9F12-04EA-4718-842F-B48135576D21}.Release|x86.ActiveCfg = Release|Win32
		{074F9F12-04EA-4718-842F-B48135576D21}.Release|x86.Build.0 = Release|Win32
		{311A6669-993D-4C18-A1E5-399FBE42D5F8}.Debug|x64.ActiveCfg = Debug|x64
		{311A6669-993D-4C18-A1E5-399FBE42D5F8}.Debug|x64.Build.0 = Debug|x64
		{311A6669-993D-4C18-A1E5-399FBE42D5F8}.Debug|x86.ActiveCfg = Debug|Win32
		{311A6669-993D-4C18-A1E5-399FBE42D5F8}.Debug|x86.Build.0 = Debug|Win32
		{311A6669-993D-4C18-A1E5-399FBE42D5F8}.Release|x64.ActiveCfg = Release|x64
		{311A6669-993D-4C18-A1E5-399FBE42D5F8}.Release|x64.Build.0 = Release|x64
		{311A6669-993D-4C18-A1E5-399FBE42D5F8}.Release|x86.ActiveCfg = Release|Win32
		{311A6669-993D-4C18-A1E5-399FBE42D5F8}.Release|x86.Build.0 = Release|Win32
		{6050CD5B-1456-49A9-B547-E870037099A8}.Debug|x64.ActiveCfg = Debug|x64
		{6050CD5B-1456-49A9-B547-E870037099A8}.Debug|x64.Build.0 = Debug|x64
		{6050CD5B-1456-49A9-B547-E870037099A8}.Debug|x86.ActiveCfg = Debug|Win32
		{6050CD5B-1456-49A9-B547-E870037099A8}.Debug|x86.Build.0 = Debug|Win32
		{6050CD5B-1456-49A9-B547-E870037099A8}.Release|x64.ActiveCfg = Release|x64
		{6050CD5B-1456-49A9-B547-E870037099A8}.Release|x64.Build.0 = Release|x64
		{6050CD5B-1456-49A9-B547-E870037099A8}.Release|x86.ActiveCfg = Release|Win32
		{6050CD5B-1456-49A9-B547-E870037099A8}.Release|x86.Build.0 = Release|Win32
		{F705FCC0-F298-4345-93B0-D898BFBF685E}.Debug|x64.ActiveCfg = Debug|x64
		{F705FCC0-F298-4345-93B0-D898BFBF685E}.Debug|x64.Build.0 = Debug|x64
		{F705FCC0-F298-4345-93B0-D898BFBF685E}.Debug|x86.ActiveCfg = Debug|Win32
		{F705FCC0-F298-4345-93B0-D898BFBF685E}.Debug|x86.Build.0 = Debug|Win32
		{F705FCC0-F298-4345-93B0-D898BFBF685E}.Release|x64.ActiveCfg = Release|x64
		{F705FCC0-F298-4345-93B0-D898BFBF685E}.Release|x64.Build.0 = Release|x64
		{F705FCC0-F298-4345-93B0-D898BFBF685E}.Release|x86.ActiveCfg = Release|Win32
		{F705FCC0-F298-4345-93B0-D898BFBF685E}.Release|x86.Build.0 = Release|Win32
		{8C4D69D1-8497-4F9A-A2A9-179F5FAF0CD7}.Debug|x64.ActiveCfg = Debug|x64
		{8C4D69D1-8497-4F9A-A2A9-179F5FAF0CD7}.Debug|x64.Build.0 = Debug|x64
		{8C4D69D1-8497-4F9A-A2A9-179F5FAF0CD7}.Debug|x86.ActiveCfg = Debug|Win32
		{8C4D69D1-8497-4F9A-A2A9-179F5FAF0CD7}.Debug|x86.Build.0 = Debug|Win32
		{8C4D69D1-8497-4F9A-A2A9-179F5FAF0CD7}.Release|x64.ActiveCfg = Release|x64
		{8C4D69D1-8497-4F9A-A2A9-179F5FAF0CD7}.Release|x64.Build.0 = Release|x64
		{8C4D69D1-8497-4F9A-A2A9-179F5FAF0CD7}.Release|x86.ActiveCfg = Release|Win32
		{8C4D69D1-8497-4F9A-A2A9-179F5FAF0CD7}.Release|x86.Build.0 = Release|Win32
		{C62C3E5A-9EB9-4285-84CD-83745AF50C3C}.Debug|x64.ActiveCfg = Debug|x64
		{C62C3E5A-9EB9-4285-84CD-83745AF50C3C}.Debug|x64.Build.0 = Debug|x64
		{C62C3E5A-9EB9-4285-84CD-83745AF50C3C}.Debug|x86.ActiveCfg = Debug|Win32
		{C62C3E5A-9EB9-4285-84CD-83745AF50C3C}.Debug|x86.Build.0 = Debug|Win32
		{C62C3E5A-9EB9-4285-84CD-83745AF50C3C}.Release|x64.ActiveCfg = Release|x64
		{C62C3E5A-9EB9-4285-84CD-83745AF50C3C}.Release|x64.Build.0 = Release|x64
		{C62C3E5A-9EB9-4285-84CD-83745AF50C3C}.Release|x86.ActiveCfg = Release|Win32
		{C62C3E5A-9EB9-4285-84CD-83745AF50C3C}.Release|x86.Build.0 = Release|Win32
		{2D1935B4-2029-4980-936F-221EFAB57FDC}.Debug|x64.ActiveCfg = Debug|x64
		{2D1935B4-2029-4980-936F-221EFAB57FDC}.Debug|x64.Build.0 = Debug|x64
		{2D1935B4-2029-4980-936F-221EFAB57FDC}.Debug|x86.ActiveCfg = Debug|Win32
		{2D1935B4-2029-4980-936F-221EFAB57FDC}.Debug|x86.Build.0 = Debug|Win32
		{2D1935B4-2029-4980-936F-221EFAB57FDC}.Release|x64.ActiveCfg = Release|x64
		{2D1935B4-2029-4980-936F-221EFAB57FDC}.Release|x64.Build.0 = Release|x64
		{2D1935B4-2029-4980-936F-221EFAB57FDC}.Release|x86.ActiveCfg = Release|Win32
		{2D1935B4-2029-4980-936F-221EFAB57FDC}.Release|x86.Build.0 = Release|Win32
	EndGlobalSection
	GlobalSection(SolutionProperties) = preSolution
		HideSolutionNode = FALSE
	EndGlobalSection
EndGlobal
