
Microsoft Visual Studio Solution File, Format Version 12.00
# Visual Studio 14
VisualStudioVersion = 14.0.24720.0
MinimumVisualStudioVersion = 10.0.40219.1
Project("{8BC9CEB8-8B4A-11D0-8D11-00A0C91BC942}") = "Exercise 01", "Exercise 01\Exercise 01.vcxproj", "{74E1015D-410B-4715-8D5F-6D8C9E7F791B}"
EndProject
Project("{8BC9CEB8-8B4A-11D0-8D11-00A0C91BC942}") = "Exercise 02", "Exercise 02\Exercise 02.vcxproj", "{B7064386-1CD1-4083-B7C8-4B8863022ABA}"
EndProject
Project("{8BC9CEB8-8B4A-11D0-8D11-00A0C91BC942}") = "Exercise 03", "Exercise 03\Exercise 03.vcxproj", "{37CFC148-9A33-4444-AF04-DA76C6E7BF31}"
EndProject
Project("{8BC9CEB8-8B4A-11D0-8D11-00A0C91BC942}") = "Exercise 04", "Exercise 04\Exercise 04.vcxproj", "{46EA094F-218A-4B27-8FD5-D4BA1339807B}"
EndProject
Project("{8BC9CEB8-8B4A-11D0-8D11-00A0C91BC942}") = "Exercise 05", "Exercise 05\Exercise 05.vcxproj", "{7F60F00E-2252-4C79-A19B-0B69CF0BBB88}"
EndProject
Project("{8BC9CEB8-8B4A-11D0-8D11-00A0C91BC942}") = "Exercise 06", "Exercise 06\Exercise 06.vcxproj", "{BBB9DA65-6D7B-4978-90E8-4E4F1A10BAB9}"
EndProject
Project("{8BC9CEB8-8B4A-11D0-8D11-00A0C91BC942}") = "Exercise 07", "Exercise 07\Exercise 07.vcxproj", "{59F66489-3576-4182-8B12-C9E3B274B3AD}"
EndProject
Project("{8BC9CEB8-8B4A-11D0-8D11-00A0C91BC942}") = "Exercise 08", "Exercise 08\Exercise 08.vcxproj", "{B26B259A-3DB6-4BE3-B062-88C4B93862B6}"
EndProject
Project("{8BC9CEB8-8B4A-11D0-8D11-00A0C91BC942}") = "Exercise 09", "Exercise 09\Exercise 09.vcxproj", "{D3252D8E-5315-47D4-BB72-24D2FF069D70}"
EndProject
Project("{8BC9CEB8-8B4A-11D0-8D11-00A0C91BC942}") = "Exercise 10", "Exercise 10\Exercise 10.vcxproj", "{42CB0842-272E-4469-A6FC-278A2A79F686}"
EndProject
Project("{8BC9CEB8-8B4A-11D0-8D11-00A0C91BC942}") = "Exercise 11", "Exercise 11\Exercise 11.vcxproj", "{CBE9F221-72EF-4EBF-A1DD-265C78E31101}"
EndProject
Project("{8BC9CEB8-8B4A-11D0-8D11-00A0C91BC942}") = "Exercise 12", "Exercise 12\Exercise 12.vcxproj", "{46C32150-84EC-4D32-B287-61654D9C7AE3}"
EndProject
Project("{8BC9CEB8-8B4A-11D0-8D11-00A0C91BC942}") = "Exercise 13", "Exercise 13\Exercise 13.vcxproj", "{AF8A074C-854D-4DF7-AFBF-E82AD3610BDB}"
EndProject
Project("{8BC9CEB8-8B4A-11D0-8D11-00A0C91BC942}") = "Exercise 14", "Exercise 14\Exercise 14.vcxproj", "{550D5076-7F2F-42DD-92B0-EABB48C2859F}"
EndProject
Project("{8BC9CEB8-8B4A-11D0-8D11-00A0C91BC942}") = "Exercise 15", "Exercise 15\Exercise 15.vcxproj", "{040D6C74-CE3A-4D5A-AB49-D714BF17E002}"
EndProject
Project("{8BC9CEB8-8B4A-11D0-8D11-00A0C91BC942}") = "Exercise 16", "Exercise 16\Exercise 16.vcxproj", "{BFEFF85F-EB91-44F6-8048-2AC3FA5BD783}"
EndProject
Project("{8BC9CEB8-8B4A-11D0-8D11-00A0C91BC942}") = "Exercise 17", "Exercise 17\Exercise 17.vcxproj", "{0F0D0FDB-8617-4FE1-8790-7E763916DE38}"
EndProject
Project("{8BC9CEB8-8B4A-11D0-8D11-00A0C91BC942}") = "Exercise 18", "Exercise 18\Exercise 18.vcxproj", "{115CDB54-8088-4C8D-9C2A-67E06554D73C}"
EndProject
Project("{8BC9CEB8-8B4A-11D0-8D11-00A0C91BC942}") = "Exercise 19", "Exercise 19\Exercise 19.vcxproj", "{44E741F7-25A5-4341-AD09-8A207FF43141}"
EndProject
Project("{8BC9CEB8-8B4A-11D0-8D11-00A0C91BC942}") = "Exercise 20", "Exercise 20\Exercise 20.vcxproj", "{E41991A4-CE56-47E3-864A-AB5D7670F8D0}"
EndProject
Project("{8BC9CEB8-8B4A-11D0-8D11-00A0C91BC942}") = "Exercise 21", "Exercise 21\Exercise 21.vcxproj", "{B2451CEC-122F-4695-BC00-D3B6B58E9AAD}"
EndProject
Project("{8BC9CEB8-8B4A-11D0-8D11-00A0C91BC942}") = "Exercise 22", "Exercise 22\Exercise 22.vcxproj", "{F25ADE45-99D5-4DE9-806B-BB344784FEE9}"
EndProject
Project("{8BC9CEB8-8B4A-11D0-8D11-00A0C91BC942}") = "Exercise 23", "Exercise 23\Exercise 23.vcxproj", "{2CE9B3D4-AB52-4703-AC84-CAC99145D48B}"
EndProject
Project("{8BC9CEB8-8B4A-11D0-8D11-00A0C91BC942}") = "Exercise 24", "Exercise 24\Exercise 24.vcxproj", "{6934CCD6-3DFB-46B6-948D-2FCE1B133FB1}"
EndProject
Global
	GlobalSection(SolutionConfigurationPlatforms) = preSolution
		Debug|x64 = Debug|x64
		Debug|x86 = Debug|x86
		Release|x64 = Release|x64
		Release|x86 = Release|x86
	EndGlobalSection
	GlobalSection(ProjectConfigurationPlatforms) = postSolution
		{74E1015D-410B-4715-8D5F-6D8C9E7F791B}.Debug|x64.ActiveCfg = Debug|x64
		{74E1015D-410B-4715-8D5F-6D8C9E7F791B}.Debug|x64.Build.0 = Debug|x64
		{74E1015D-410B-4715-8D5F-6D8C9E7F791B}.Debug|x86.ActiveCfg = Debug|Win32
		{74E1015D-410B-4715-8D5F-6D8C9E7F791B}.Debug|x86.Build.0 = Debug|Win32
		{74E1015D-410B-4715-8D5F-6D8C9E7F791B}.Release|x64.ActiveCfg = Release|x64
		{74E1015D-410B-4715-8D5F-6D8C9E7F791B}.Release|x64.Build.0 = Release|x64
		{74E1015D-410B-4715-8D5F-6D8C9E7F791B}.Release|x86.ActiveCfg = Release|Win32
		{74E1015D-410B-4715-8D5F-6D8C9E7F791B}.Release|x86.Build.0 = Release|Win32
		{B7064386-1CD1-4083-B7C8-4B8863022ABA}.Debug|x64.ActiveCfg = Debug|x64
		{B7064386-1CD1-4083-B7C8-4B8863022ABA}.Debug|x64.Build.0 = Debug|x64
		{B7064386-1CD1-4083-B7C8-4B8863022ABA}.Debug|x86.ActiveCfg = Debug|Win32
		{B7064386-1CD1-4083-B7C8-4B8863022ABA}.Debug|x86.Build.0 = Debug|Win32
		{B7064386-1CD1-4083-B7C8-4B8863022ABA}.Release|x64.ActiveCfg = Release|x64
		{B7064386-1CD1-4083-B7C8-4B8863022ABA}.Release|x64.Build.0 = Release|x64
		{B7064386-1CD1-4083-B7C8-4B8863022ABA}.Release|x86.ActiveCfg = Release|Win32
		{B7064386-1CD1-4083-B7C8-4B8863022ABA}.Release|x86.Build.0 = Release|Win32
		{37CFC148-9A33-4444-AF04-DA76C6E7BF31}.Debug|x64.ActiveCfg = Debug|x64
		{37CFC148-9A33-4444-AF04-DA76C6E7BF31}.Debug|x64.Build.0 = Debug|x64
		{37CFC148-9A33-4444-AF04-DA76C6E7BF31}.Debug|x86.ActiveCfg = Debug|Win32
		{37CFC148-9A33-4444-AF04-DA76C6E7BF31}.Debug|x86.Build.0 = Debug|Win32
		{37CFC148-9A33-4444-AF04-DA76C6E7BF31}.Release|x64.ActiveCfg = Release|x64
		{37CFC148-9A33-4444-AF04-DA76C6E7BF31}.Release|x64.Build.0 = Release|x64
		{37CFC148-9A33-4444-AF04-DA76C6E7BF31}.Release|x86.ActiveCfg = Release|Win32
		{37CFC148-9A33-4444-AF04-DA76C6E7BF31}.Release|x86.Build.0 = Release|Win32
		{46EA094F-218A-4B27-8FD5-D4BA1339807B}.Debug|x64.ActiveCfg = Debug|x64
		{46EA094F-218A-4B27-8FD5-D4BA1339807B}.Debug|x64.Build.0 = Debug|x64
		{46EA094F-218A-4B27-8FD5-D4BA1339807B}.Debug|x86.ActiveCfg = Debug|Win32
		{46EA094F-218A-4B27-8FD5-D4BA1339807B}.Debug|x86.Build.0 = Debug|Win32
		{46EA094F-218A-4B27-8FD5-D4BA1339807B}.Release|x64.ActiveCfg = Release|x64
		{46EA094F-218A-4B27-8FD5-D4BA1339807B}.Release|x64.Build.0 = Release|x64
		{46EA094F-218A-4B27-8FD5-D4BA1339807B}.Release|x86.ActiveCfg = Release|Win32
		{46EA094F-218A-4B27-8FD5-D4BA1339807B}.Release|x86.Build.0 = Release|Win32
		{7F60F00E-2252-4C79-A19B-0B69CF0BBB88}.Debug|x64.ActiveCfg = Debug|x64
		{7F60F00E-2252-4C79-A19B-0B69CF0BBB88}.Debug|x64.Build.0 = Debug|x64
		{7F60F00E-2252-4C79-A19B-0B69CF0BBB88}.Debug|x86.ActiveCfg = Debug|Win32
		{7F60F00E-2252-4C79-A19B-0B69CF0BBB88}.Debug|x86.Build.0 = Debug|Win32
		{7F60F00E-2252-4C79-A19B-0B69CF0BBB88}.Release|x64.ActiveCfg = Release|x64
		{7F60F00E-2252-4C79-A19B-0B69CF0BBB88}.Release|x64.Build.0 = Release|x64
		{7F60F00E-2252-4C79-A19B-0B69CF0BBB88}.Release|x86.ActiveCfg = Release|Win32
		{7F60F00E-2252-4C79-A19B-0B69CF0BBB88}.Release|x86.Build.0 = Release|Win32
		{BBB9DA65-6D7B-4978-90E8-4E4F1A10BAB9}.Debug|x64.ActiveCfg = Debug|x64
		{BBB9DA65-6D7B-4978-90E8-4E4F1A10BAB9}.Debug|x64.Build.0 = Debug|x64
		{BBB9DA65-6D7B-4978-90E8-4E4F1A10BAB9}.Debug|x86.ActiveCfg = Debug|Win32
		{BBB9DA65-6D7B-4978-90E8-4E4F1A10BAB9}.Debug|x86.Build.0 = Debug|Win32
		{BBB9DA65-6D7B-4978-90E8-4E4F1A10BAB9}.Release|x64.ActiveCfg = Release|x64
		{BBB9DA65-6D7B-4978-90E8-4E4F1A10BAB9}.Release|x64.Build.0 = Release|x64
		{BBB9DA65-6D7B-4978-90E8-4E4F1A10BAB9}.Release|x86.ActiveCfg = Release|Win32
		{BBB9DA65-6D7B-4978-90E8-4E4F1A10BAB9}.Release|x86.Build.0 = Release|Win32
		{59F66489-3576-4182-8B12-C9E3B274B3AD}.Debug|x64.ActiveCfg = Debug|x64
		{59F66489-3576-4182-8B12-C9E3B274B3AD}.Debug|x64.Build.0 = Debug|x64
		{59F66489-3576-4182-8B12-C9E3B274B3AD}.Debug|x86.ActiveCfg = Debug|Win32
		{59F66489-3576-4182-8B12-C9E3B274B3AD}.Debug|x86.Build.0 = Debug|Win32
		{59F66489-3576-4182-8B12-C9E3B274B3AD}.Release|x64.ActiveCfg = Release|x64
		{59F66489-3576-4182-8B12-C9E3B274B3AD}.Release|x64.Build.0 = Release|x64
		{59F66489-3576-4182-8B12-C9E3B274B3AD}.Release|x86.ActiveCfg = Release|Win32
		{59F66489-3576-4182-8B12-C9E3B274B3AD}.Release|x86.Build.0 = Release|Win32
		{B26B259A-3DB6-4BE3-B062-88C4B93862B6}.Debug|x64.ActiveCfg = Debug|x64
		{B26B259A-3DB6-4BE3-B062-88C4B93862B6}.Debug|x64.Build.0 = Debug|x64
		{B26B259A-3DB6-4BE3-B062-88C4B93862B6}.Debug|x86.ActiveCfg = Debug|Win32
		{B26B259A-3DB6-4BE3-B062-88C4B93862B6}.Debug|x86.Build.0 = Debug|Win32
		{B26B259A-3DB6-4BE3-B062-88C4B93862B6}.Release|x64.ActiveCfg = Release|x64
		{B26B259A-3DB6-4BE3-B062-88C4B93862B6}.Release|x64.Build.0 = Release|x64
		{B26B259A-3DB6-4BE3-B062-88C4B93862B6}.Release|x86.ActiveCfg = Release|Win32
		{B26B259A-3DB6-4BE3-B062-88C4B93862B6}.Release|x86.Build.0 = Release|Win32
		{D3252D8E-5315-47D4-BB72-24D2FF069D70}.Debug|x64.ActiveCfg = Debug|x64
		{D3252D8E-5315-47D4-BB72-24D2FF069D70}.Debug|x64.Build.0 = Debug|x64
		{D3252D8E-5315-47D4-BB72-24D2FF069D70}.Debug|x86.ActiveCfg = Debug|Win32
		{D3252D8E-5315-47D4-BB72-24D2FF069D70}.Debug|x86.Build.0 = Debug|Win32
		{D3252D8E-5315-47D4-BB72-24D2FF069D70}.Release|x64.ActiveCfg = Release|x64
		{D3252D8E-5315-47D4-BB72-24D2FF069D70}.Release|x64.Build.0 = Release|x64
		{D3252D8E-5315-47D4-BB72-24D2FF069D70}.Release|x86.ActiveCfg = Release|Win32
		{D3252D8E-5315-47D4-BB72-24D2FF069D70}.Release|x86.Build.0 = Release|Win32
		{42CB0842-272E-4469-A6FC-278A2A79F686}.Debug|x64.ActiveCfg = Debug|x64
		{42CB0842-272E-4469-A6FC-278A2A79F686}.Debug|x64.Build.0 = Debug|x64
		{42CB0842-272E-4469-A6FC-278A2A79F686}.Debug|x86.ActiveCfg = Debug|Win32
		{42CB0842-272E-4469-A6FC-278A2A79F686}.Debug|x86.Build.0 = Debug|Win32
		{42CB0842-272E-4469-A6FC-278A2A79F686}.Release|x64.ActiveCfg = Release|x64
		{42CB0842-272E-4469-A6FC-278A2A79F686}.Release|x64.Build.0 = Release|x64
		{42CB0842-272E-4469-A6FC-278A2A79F686}.Release|x86.ActiveCfg = Release|Win32
		{42CB0842-272E-4469-A6FC-278A2A79F686}.Release|x86.Build.0 = Release|Win32
		{CBE9F221-72EF-4EBF-A1DD-265C78E31101}.Debug|x64.ActiveCfg = Debug|x64
		{CBE9F221-72EF-4EBF-A1DD-265C78E31101}.Debug|x64.Build.0 = Debug|x64
		{CBE9F221-72EF-4EBF-A1DD-265C78E31101}.Debug|x86.ActiveCfg = Debug|Win32
		{CBE9F221-72EF-4EBF-A1DD-265C78E31101}.Debug|x86.Build.0 = Debug|Win32
		{CBE9F221-72EF-4EBF-A1DD-265C78E31101}.Release|x64.ActiveCfg = Release|x64
		{CBE9F221-72EF-4EBF-A1DD-265C78E31101}.Release|x64.Build.0 = Release|x64
		{CBE9F221-72EF-4EBF-A1DD-265C78E31101}.Release|x86.ActiveCfg = Release|Win32
		{CBE9F221-72EF-4EBF-A1DD-265C78E31101}.Release|x86.Build.0 = Release|Win32
		{46C32150-84EC-4D32-B287-61654D9C7AE3}.Debug|x64.ActiveCfg = Debug|x64
		{46C32150-84EC-4D32-B287-61654D9C7AE3}.Debug|x64.Build.0 = Debug|x64
		{46C32150-84EC-4D32-B287-61654D9C7AE3}.Debug|x86.ActiveCfg = Debug|Win32
		{46C32150-84EC-4D32-B287-61654D9C7AE3}.Debug|x86.Build.0 = Debug|Win32
		{46C32150-84EC-4D32-B287-61654D9C7AE3}.Release|x64.ActiveCfg = Release|x64
		{46C32150-84EC-4D32-B287-61654D9C7AE3}.Release|x64.Build.0 = Release|x64
		{46C32150-84EC-4D32-B287-61654D9C7AE3}.Release|x86.ActiveCfg = Release|Win32
		{46C32150-84EC-4D32-B287-61654D9C7AE3}.Release|x86.Build.0 = Release|Win32
		{AF8A074C-854D-4DF7-AFBF-E82AD3610BDB}.Debug|x64.ActiveCfg = Debug|x64
		{AF8A074C-854D-4DF7-AFBF-E82AD3610BDB}.Debug|x64.Build.0 = Debug|x64
		{AF8A074C-854D-4DF7-AFBF-E82AD3610BDB}.Debug|x86.ActiveCfg = Debug|Win32
		{AF8A074C-854D-4DF7-AFBF-E82AD3610BDB}.Debug|x86.Build.0 = Debug|Win32
		{AF8A074C-854D-4DF7-AFBF-E82AD3610BDB}.Release|x64.ActiveCfg = Release|x64
		{AF8A074C-854D-4DF7-AFBF-E82AD3610BDB}.Release|x64.Build.0 = Release|x64
		{AF8A074C-854D-4DF7-AFBF-E82AD3610BDB}.Release|x86.ActiveCfg = Release|Win32
		{AF8A074C-854D-4DF7-AFBF-E82AD3610BDB}.Release|x86.Build.0 = Release|Win32
		{550D5076-7F2F-42DD-92B0-EABB48C2859F}.Debug|x64.ActiveCfg = Debug|x64
		{550D5076-7F2F-42DD-92B0-EABB48C2859F}.Debug|x64.Build.0 = Debug|x64
		{550D5076-7F2F-42DD-92B0-EABB48C2859F}.Debug|x86.ActiveCfg = Debug|Win32
		{550D5076-7F2F-42DD-92B0-EABB48C2859F}.Debug|x86.Build.0 = Debug|Win32
		{550D5076-7F2F-42DD-92B0-EABB48C2859F}.Release|x64.ActiveCfg = Release|x64
		{550D5076-7F2F-42DD-92B0-EABB48C2859F}.Release|x64.Build.0 = Release|x64
		{550D5076-7F2F-42DD-92B0-EABB48C2859F}.Release|x86.ActiveCfg = Release|Win32
		{550D5076-7F2F-42DD-92B0-EABB48C2859F}.Release|x86.Build.0 = Release|Win32
		{040D6C74-CE3A-4D5A-AB49-D714BF17E002}.Debug|x64.ActiveCfg = Debug|x64
		{040D6C74-CE3A-4D5A-AB49-D714BF17E002}.Debug|x64.Build.0 = Debug|x64
		{040D6C74-CE3A-4D5A-AB49-D714BF17E002}.Debug|x86.ActiveCfg = Debug|Win32
		{040D6C74-CE3A-4D5A-AB49-D714BF17E002}.Debug|x86.Build.0 = Debug|Win32
		{040D6C74-CE3A-4D5A-AB49-D714BF17E002}.Release|x64.ActiveCfg = Release|x64
		{040D6C74-CE3A-4D5A-AB49-D714BF17E002}.Release|x64.Build.0 = Release|x64
		{040D6C74-CE3A-4D5A-AB49-D714BF17E002}.Release|x86.ActiveCfg = Release|Win32
		{040D6C74-CE3A-4D5A-AB49-D714BF17E002}.Release|x86.Build.0 = Release|Win32
		{BFEFF85F-EB91-44F6-8048-2AC3FA5BD783}.Debug|x64.ActiveCfg = Debug|x64
		{BFEFF85F-EB91-44F6-8048-2AC3FA5BD783}.Debug|x64.Build.0 = Debug|x64
		{BFEFF85F-EB91-44F6-8048-2AC3FA5BD783}.Debug|x86.ActiveCfg = Debug|Win32
		{BFEFF85F-EB91-44F6-8048-2AC3FA5BD783}.Debug|x86.Build.0 = Debug|Win32
		{BFEFF85F-EB91-44F6-8048-2AC3FA5BD783}.Release|x64.ActiveCfg = Release|x64
		{BFEFF85F-EB91-44F6-8048-2AC3FA5BD783}.Release|x64.Build.0 = Release|x64
		{BFEFF85F-EB91-44F6-8048-2AC3FA5BD783}.Release|x86.ActiveCfg = Release|Win32
		{BFEFF85F-EB91-44F6-8048-2AC3FA5BD783}.Release|x86.Build.0 = Release|Win32
		{0F0D0FDB-8617-4FE1-8790-7E763916DE38}.Debug|x64.ActiveCfg = Debug|x64
		{0F0D0FDB-8617-4FE1-8790-7E763916DE38}.Debug|x64.Build.0 = Debug|x64
		{0F0D0FDB-8617-4FE1-8790-7E763916DE38}.Debug|x86.ActiveCfg = Debug|Win32
		{0F0D0FDB-8617-4FE1-8790-7E763916DE38}.Debug|x86.Build.0 = Debug|Win32
		{0F0D0FDB-8617-4FE1-8790-7E763916DE38}.Release|x64.ActiveCfg = Release|x64
		{0F0D0FDB-8617-4FE1-8790-7E763916DE38}.Release|x64.Build.0 = Release|x64
		{0F0D0FDB-8617-4FE1-8790-7E763916DE38}.Release|x86.ActiveCfg = Release|Win32
		{0F0D0FDB-8617-4FE1-8790-7E763916DE38}.Release|x86.Build.0 = Release|Win32
		{115CDB54-8088-4C8D-9C2A-67E06554D73C}.Debug|x64.ActiveCfg = Debug|x64
		{115CDB54-8088-4C8D-9C2A-67E06554D73C}.Debug|x64.Build.0 = Debug|x64
		{115CDB54-8088-4C8D-9C2A-67E06554D73C}.Debug|x86.ActiveCfg = Debug|Win32
		{115CDB54-8088-4C8D-9C2A-67E06554D73C}.Debug|x86.Build.0 = Debug|Win32
		{115CDB54-8088-4C8D-9C2A-67E06554D73C}.Release|x64.ActiveCfg = Release|x64
		{115CDB54-8088-4C8D-9C2A-67E06554D73C}.Release|x64.Build.0 = Release|x64
		{115CDB54-8088-4C8D-9C2A-67E06554D73C}.Release|x86.ActiveCfg = Release|Win32
		{115CDB54-8088-4C8D-9C2A-67E06554D73C}.Release|x86.Build.0 = Release|Win32
		{44E741F7-25A5-4341-AD09-8A207FF43141}.Debug|x64.ActiveCfg = Debug|x64
		{44E741F7-25A5-4341-AD09-8A207FF43141}.Debug|x64.Build.0 = Debug|x64
		{44E741F7-25A5-4341-AD09-8A207FF43141}.Debug|x86.ActiveCfg = Debug|Win32
		{44E741F7-25A5-4341-AD09-8A207FF43141}.Debug|x86.Build.0 = Debug|Win32
		{44E741F7-25A5-4341-AD09-8A207FF43141}.Release|x64.ActiveCfg = Release|x64
		{44E741F7-25A5-4341-AD09-8A207FF43141}.Release|x64.Build.0 = Release|x64
		{44E741F7-25A5-4341-AD09-8A207FF43141}.Release|x86.ActiveCfg = Release|Win32
		{44E741F7-25A5-4341-AD09-8A207FF43141}.Release|x86.Build.0 = Release|Win32
		{E41991A4-CE56-47E3-864A-AB5D7670F8D0}.Debug|x64.ActiveCfg = Debug|x64
		{E41991A4-CE56-47E3-864A-AB5D7670F8D0}.Debug|x64.Build.0 = Debug|x64
		{E41991A4-CE56-47E3-864A-AB5D7670F8D0}.Debug|x86.ActiveCfg = Debug|Win32
		{E41991A4-CE56-47E3-864A-AB5D7670F8D0}.Debug|x86.Build.0 = Debug|Win32
		{E41991A4-CE56-47E3-864A-AB5D7670F8D0}.Release|x64.ActiveCfg = Release|x64
		{E41991A4-CE56-47E3-864A-AB5D7670F8D0}.Release|x64.Build.0 = Release|x64
		{E41991A4-CE56-47E3-864A-AB5D7670F8D0}.Release|x86.ActiveCfg = Release|Win32
		{E41991A4-CE56-47E3-864A-AB5D7670F8D0}.Release|x86.Build.0 = Release|Win32
		{B2451CEC-122F-4695-BC00-D3B6B58E9AAD}.Debug|x64.ActiveCfg = Debug|x64
		{B2451CEC-122F-4695-BC00-D3B6B58E9AAD}.Debug|x64.Build.0 = Debug|x64
		{B2451CEC-122F-4695-BC00-D3B6B58E9AAD}.Debug|x86.ActiveCfg = Debug|Win32
		{B2451CEC-122F-4695-BC00-D3B6B58E9AAD}.Debug|x86.Build.0 = Debug|Win32
		{B2451CEC-122F-4695-BC00-D3B6B58E9AAD}.Release|x64.ActiveCfg = Release|x64
		{B2451CEC-122F-4695-BC00-D3B6B58E9AAD}.Release|x64.Build.0 = Release|x64
		{B2451CEC-122F-4695-BC00-D3B6B58E9AAD}.Release|x86.ActiveCfg = Release|Win32
		{B2451CEC-122F-4695-BC00-D3B6B58E9AAD}.Release|x86.Build.0 = Release|Win32
		{F25ADE45-99D5-4DE9-806B-BB344784FEE9}.Debug|x64.ActiveCfg = Debug|x64
		{F25ADE45-99D5-4DE9-806B-BB344784FEE9}.Debug|x64.Build.0 = Debug|x64
		{F25ADE45-99D5-4DE9-806B-BB344784FEE9}.Debug|x86.ActiveCfg = Debug|Win32
		{F25ADE45-99D5-4DE9-806B-BB344784FEE9}.Debug|x86.Build.0 = Debug|Win32
		{F25ADE45-99D5-4DE9-806B-BB344784FEE9}.Release|x64.ActiveCfg = Release|x64
		{F25ADE45-99D5-4DE9-806B-BB344784FEE9}.Release|x64.Build.0 = Release|x64
		{F25ADE45-99D5-4DE9-806B-BB344784FEE9}.Release|x86.ActiveCfg = Release|Win32
		{F25ADE45-99D5-4DE9-806B-BB344784FEE9}.Release|x86.Build.0 = Release|Win32
		{2CE9B3D4-AB52-4703-AC84-CAC99145D48B}.Debug|x64.ActiveCfg = Debug|x64
		{2CE9B3D4-AB52-4703-AC84-CAC99145D48B}.Debug|x64.Build.0 = Debug|x64
		{2CE9B3D4-AB52-4703-AC84-CAC99145D48B}.Debug|x86.ActiveCfg = Debug|Win32
		{2CE9B3D4-AB52-4703-AC84-CAC99145D48B}.Debug|x86.Build.0 = Debug|Win32
		{2CE9B3D4-AB52-4703-AC84-CAC99145D48B}.Release|x64.ActiveCfg = Release|x64
		{2CE9B3D4-AB52-4703-AC84-CAC99145D48B}.Release|x64.Build.0 = Release|x64
		{2CE9B3D4-AB52-4703-AC84-CAC99145D48B}.Release|x86.ActiveCfg = Release|Win32
		{2CE9B3D4-AB52-4703-AC84-CAC99145D48B}.Release|x86.Build.0 = Release|Win32
		{6934CCD6-3DFB-46B6-948D-2FCE1B133FB1}.Debug|x64.ActiveCfg = Debug|x64
		{6934CCD6-3DFB-46B6-948D-2FCE1B133FB1}.Debug|x64.Build.0 = Debug|x64
		{6934CCD6-3DFB-46B6-948D-2FCE1B133FB1}.Debug|x86.ActiveCfg = Debug|Win32
		{6934CCD6-3DFB-46B6-948D-2FCE1B133FB1}.Debug|x86.Build.0 = Debug|Win32
		{6934CCD6-3DFB-46B6-948D-2FCE1B133FB1}.Release|x64.ActiveCfg = Release|x64
		{6934CCD6-3DFB-46B6-948D-2FCE1B133FB1}.Release|x64.Build.0 = Release|x64
		{6934CCD6-3DFB-46B6-948D-2FCE1B133FB1}.Release|x86.ActiveCfg = Release|Win32
		{6934CCD6-3DFB-46B6-948D-2FCE1B133FB1}.Release|x86.Build.0 = Release|Win32
	EndGlobalSection
	GlobalSection(SolutionProperties) = preSolution
		HideSolutionNode = FALSE
	EndGlobalSection
EndGlobal
