
Microsoft Visual Studio Solution File, Format Version 12.00
# Visual Studio 14
VisualStudioVersion = 14.0.24720.0
MinimumVisualStudioVersion = 10.0.40219.1
Project("{8BC9CEB8-8B4A-11D0-8D11-00A0C91BC942}") = "Exercise 01", "Exercise 01\Exercise 01.vcxproj", "{3DBEF617-344D-487D-AC0F-0DCAAADD039C}"
EndProject
Project("{8BC9CEB8-8B4A-11D0-8D11-00A0C91BC942}") = "Exercise 02", "Exercise 02\Exercise 02.vcxproj", "{455C5C59-83FF-47D1-A836-6E09B26522C3}"
EndProject
Project("{8BC9CEB8-8B4A-11D0-8D11-00A0C91BC942}") = "Exercise 03", "Exercise 03\Exercise 03.vcxproj", "{01B0ACA4-2777-4DB5-958E-1C20CBE3ADD3}"
EndProject
Project("{8BC9CEB8-8B4A-11D0-8D11-00A0C91BC942}") = "Exercise 04", "Exercise 04\Exercise 04.vcxproj", "{8E7EDB3D-A699-4645-9FB2-E00614FC0524}"
EndProject
Project("{8BC9CEB8-8B4A-11D0-8D11-00A0C91BC942}") = "Exercise 05", "Exercise 05\Exercise 05.vcxproj", "{4358C710-C026-4411-BF45-E6B7B7A18979}"
EndProject
Project("{8BC9CEB8-8B4A-11D0-8D11-00A0C91BC942}") = "Exercise 06", "Exercise 06\Exercise 06.vcxproj", "{6E3BDEA1-B858-44E0-B761-ACB3080A0FB5}"
EndProject
Project("{8BC9CEB8-8B4A-11D0-8D11-00A0C91BC942}") = "Exercise 07", "Exercise 07\Exercise 07.vcxproj", "{A2122588-DC87-46F7-B28F-C7F862C71362}"
EndProject
Project("{8BC9CEB8-8B4A-11D0-8D11-00A0C91BC942}") = "Exercise 08", "Exercise 08\Exercise 08.vcxproj", "{55D145DE-15E9-4701-9607-9AE8A01E5E3C}"
EndProject
Project("{8BC9CEB8-8B4A-11D0-8D11-00A0C91BC942}") = "Exercise 09", "Exercise 09\Exercise 09.vcxproj", "{30498C21-61A9-44A9-B76D-2C8BEBA603F6}"
EndProject
Project("{8BC9CEB8-8B4A-11D0-8D11-00A0C91BC942}") = "Exercise 10", "Exercise 10\Exercise 10.vcxproj", "{B3093958-1A9E-4D64-AF52-C566DFB7E6A9}"
EndProject
Project("{8BC9CEB8-8B4A-11D0-8D11-00A0C91BC942}") = "Exercise 11", "Exercise 11\Exercise 11.vcxproj", "{2179E846-78B1-41F8-8593-1E934CA271AD}"
EndProject
Project("{8BC9CEB8-8B4A-11D0-8D11-00A0C91BC942}") = "Exercise 12", "Exercise 12\Exercise 12.vcxproj", "{B8C9E8E1-BD67-4D5E-9D1B-FD1BE9AEDDFB}"
EndProject
Project("{8BC9CEB8-8B4A-11D0-8D11-00A0C91BC942}") = "Exercise 13", "Exercise 13\Exercise 13.vcxproj", "{2E25FED0-B7E1-433F-AF1B-B2E6BC9E5028}"
EndProject
Project("{8BC9CEB8-8B4A-11D0-8D11-00A0C91BC942}") = "Exercise 14", "Exercise 14\Exercise 14.vcxproj", "{5EAB11B2-15E2-4FA0-867C-742DF6492419}"
EndProject
Project("{8BC9CEB8-8B4A-11D0-8D11-00A0C91BC942}") = "Exercise 15", "Exercise 15\Exercise 15.vcxproj", "{20E5EFF5-286A-4F4B-802C-60762B305EAE}"
EndProject
Project("{8BC9CEB8-8B4A-11D0-8D11-00A0C91BC942}") = "Exercise 16", "Exercise 16\Exercise 16.vcxproj", "{5CA3276F-B007-4960-B8EB-DEAADD977830}"
EndProject
Global
	GlobalSection(SolutionConfigurationPlatforms) = preSolution
		Debug|x64 = Debug|x64
		Debug|x86 = Debug|x86
		Release|x64 = Release|x64
		Release|x86 = Release|x86
	EndGlobalSection
	GlobalSection(ProjectConfigurationPlatforms) = postSolution
		{3DBEF617-344D-487D-AC0F-0DCAAADD039C}.Debug|x64.ActiveCfg = Debug|x64
		{3DBEF617-344D-487D-AC0F-0DCAAADD039C}.Debug|x64.Build.0 = Debug|x64
		{3DBEF617-344D-487D-AC0F-0DCAAADD039C}.Debug|x86.ActiveCfg = Debug|Win32
		{3DBEF617-344D-487D-AC0F-0DCAAADD039C}.Debug|x86.Build.0 = Debug|Win32
		{3DBEF617-344D-487D-AC0F-0DCAAADD039C}.Release|x64.ActiveCfg = Release|x64
		{3DBEF617-344D-487D-AC0F-0DCAAADD039C}.Release|x64.Build.0 = Release|x64
		{3DBEF617-344D-487D-AC0F-0DCAAADD039C}.Release|x86.ActiveCfg = Release|Win32
		{3DBEF617-344D-487D-AC0F-0DCAAADD039C}.Release|x86.Build.0 = Release|Win32
		{455C5C59-83FF-47D1-A836-6E09B26522C3}.Debug|x64.ActiveCfg = Debug|x64
		{455C5C59-83FF-47D1-A836-6E09B26522C3}.Debug|x64.Build.0 = Debug|x64
		{455C5C59-83FF-47D1-A836-6E09B26522C3}.Debug|x86.ActiveCfg = Debug|Win32
		{455C5C59-83FF-47D1-A836-6E09B26522C3}.Debug|x86.Build.0 = Debug|Win32
		{455C5C59-83FF-47D1-A836-6E09B26522C3}.Release|x64.ActiveCfg = Release|x64
		{455C5C59-83FF-47D1-A836-6E09B26522C3}.Release|x64.Build.0 = Release|x64
		{455C5C59-83FF-47D1-A836-6E09B26522C3}.Release|x86.ActiveCfg = Release|Win32
		{455C5C59-83FF-47D1-A836-6E09B26522C3}.Release|x86.Build.0 = Release|Win32
		{01B0ACA4-2777-4DB5-958E-1C20CBE3ADD3}.Debug|x64.ActiveCfg = Debug|x64
		{01B0ACA4-2777-4DB5-958E-1C20CBE3ADD3}.Debug|x64.Build.0 = Debug|x64
		{01B0ACA4-2777-4DB5-958E-1C20CBE3ADD3}.Debug|x86.ActiveCfg = Debug|Win32
		{01B0ACA4-2777-4DB5-958E-1C20CBE3ADD3}.Debug|x86.Build.0 = Debug|Win32
		{01B0ACA4-2777-4DB5-958E-1C20CBE3ADD3}.Release|x64.ActiveCfg = Release|x64
		{01B0ACA4-2777-4DB5-958E-1C20CBE3ADD3}.Release|x64.Build.0 = Release|x64
		{01B0ACA4-2777-4DB5-958E-1C20CBE3ADD3}.Release|x86.ActiveCfg = Release|Win32
		{01B0ACA4-2777-4DB5-958E-1C20CBE3ADD3}.Release|x86.Build.0 = Release|Win32
		{8E7EDB3D-A699-4645-9FB2-E00614FC0524}.Debug|x64.ActiveCfg = Debug|x64
		{8E7EDB3D-A699-4645-9FB2-E00614FC0524}.Debug|x64.Build.0 = Debug|x64
		{8E7EDB3D-A699-4645-9FB2-E00614FC0524}.Debug|x86.ActiveCfg = Debug|Win32
		{8E7EDB3D-A699-4645-9FB2-E00614FC0524}.Debug|x86.Build.0 = Debug|Win32
		{8E7EDB3D-A699-4645-9FB2-E00614FC0524}.Release|x64.ActiveCfg = Release|x64
		{8E7EDB3D-A699-4645-9FB2-E00614FC0524}.Release|x64.Build.0 = Release|x64
		{8E7EDB3D-A699-4645-9FB2-E00614FC0524}.Release|x86.ActiveCfg = Release|Win32
		{8E7EDB3D-A699-4645-9FB2-E00614FC0524}.Release|x86.Build.0 = Release|Win32
		{4358C710-C026-4411-BF45-E6B7B7A18979}.Debug|x64.ActiveCfg = Debug|x64
		{4358C710-C026-4411-BF45-E6B7B7A18979}.Debug|x64.Build.0 = Debug|x64
		{4358C710-C026-4411-BF45-E6B7B7A18979}.Debug|x86.ActiveCfg = Debug|Win32
		{4358C710-C026-4411-BF45-E6B7B7A18979}.Debug|x86.Build.0 = Debug|Win32
		{4358C710-C026-4411-BF45-E6B7B7A18979}.Release|x64.ActiveCfg = Release|x64
		{4358C710-C026-4411-BF45-E6B7B7A18979}.Release|x64.Build.0 = Release|x64
		{4358C710-C026-4411-BF45-E6B7B7A18979}.Release|x86.ActiveCfg = Release|Win32
		{4358C710-C026-4411-BF45-E6B7B7A18979}.Release|x86.Build.0 = Release|Win32
		{6E3BDEA1-B858-44E0-B761-ACB3080A0FB5}.Debug|x64.ActiveCfg = Debug|x64
		{6E3BDEA1-B858-44E0-B761-ACB3080A0FB5}.Debug|x64.Build.0 = Debug|x64
		{6E3BDEA1-B858-44E0-B761-ACB3080A0FB5}.Debug|x86.ActiveCfg = Debug|Win32
		{6E3BDEA1-B858-44E0-B761-ACB3080A0FB5}.Debug|x86.Build.0 = Debug|Win32
		{6E3BDEA1-B858-44E0-B761-ACB3080A0FB5}.Release|x64.ActiveCfg = Release|x64
		{6E3BDEA1-B858-44E0-B761-ACB3080A0FB5}.Release|x64.Build.0 = Release|x64
		{6E3BDEA1-B858-44E0-B761-ACB3080A0FB5}.Release|x86.ActiveCfg = Release|Win32
		{6E3BDEA1-B858-44E0-B761-ACB3080A0FB5}.Release|x86.Build.0 = Release|Win32
		{A2122588-DC87-46F7-B28F-C7F862C71362}.Debug|x64.ActiveCfg = Debug|x64
		{A2122588-DC87-46F7-B28F-C7F862C71362}.Debug|x64.Build.0 = Debug|x64
		{A2122588-DC87-46F7-B28F-C7F862C71362}.Debug|x86.ActiveCfg = Debug|Win32
		{A2122588-DC87-46F7-B28F-C7F862C71362}.Debug|x86.Build.0 = Debug|Win32
		{A2122588-DC87-46F7-B28F-C7F862C71362}.Release|x64.ActiveCfg = Release|x64
		{A2122588-DC87-46F7-B28F-C7F862C71362}.Release|x64.Build.0 = Release|x64
		{A2122588-DC87-46F7-B28F-C7F862C71362}.Release|x86.ActiveCfg = Release|Win32
		{A2122588-DC87-46F7-B28F-C7F862C71362}.Release|x86.Build.0 = Release|Win32
		{55D145DE-15E9-4701-9607-9AE8A01E5E3C}.Debug|x64.ActiveCfg = Debug|x64
		{55D145DE-15E9-4701-9607-9AE8A01E5E3C}.Debug|x64.Build.0 = Debug|x64
		{55D145DE-15E9-4701-9607-9AE8A01E5E3C}.Debug|x86.ActiveCfg = Debug|Win32
		{55D145DE-15E9-4701-9607-9AE8A01E5E3C}.Debug|x86.Build.0 = Debug|Win32
		{55D145DE-15E9-4701-9607-9AE8A01E5E3C}.Release|x64.ActiveCfg = Release|x64
		{55D145DE-15E9-4701-9607-9AE8A01E5E3C}.Release|x64.Build.0 = Release|x64
		{55D145DE-15E9-4701-9607-9AE8A01E5E3C}.Release|x86.ActiveCfg = Release|Win32
		{55D145DE-15E9-4701-9607-9AE8A01E5E3C}.Release|x86.Build.0 = Release|Win32
		{30498C21-61A9-44A9-B76D-2C8BEBA603F6}.Debug|x64.ActiveCfg = Debug|x64
		{30498C21-61A9-44A9-B76D-2C8BEBA603F6}.Debug|x64.Build.0 = Debug|x64
		{30498C21-61A9-44A9-B76D-2C8BEBA603F6}.Debug|x86.ActiveCfg = Debug|Win32
		{30498C21-61A9-44A9-B76D-2C8BEBA603F6}.Debug|x86.Build.0 = Debug|Win32
		{30498C21-61A9-44A9-B76D-2C8BEBA603F6}.Release|x64.ActiveCfg = Release|x64
		{30498C21-61A9-44A9-B76D-2C8BEBA603F6}.Release|x64.Build.0 = Release|x64
		{30498C21-61A9-44A9-B76D-2C8BEBA603F6}.Release|x86.ActiveCfg = Release|Win32
		{30498C21-61A9-44A9-B76D-2C8BEBA603F6}.Release|x86.Build.0 = Release|Win32
		{B3093958-1A9E-4D64-AF52-C566DFB7E6A9}.Debug|x64.ActiveCfg = Debug|x64
		{B3093958-1A9E-4D64-AF52-C566DFB7E6A9}.Debug|x64.Build.0 = Debug|x64
		{B3093958-1A9E-4D64-AF52-C566DFB7E6A9}.Debug|x86.ActiveCfg = Debug|Win32
		{B3093958-1A9E-4D64-AF52-C566DFB7E6A9}.Debug|x86.Build.0 = Debug|Win32
		{B3093958-1A9E-4D64-AF52-C566DFB7E6A9}.Release|x64.ActiveCfg = Release|x64
		{B3093958-1A9E-4D64-AF52-C566DFB7E6A9}.Release|x64.Build.0 = Release|x64
		{B3093958-1A9E-4D64-AF52-C566DFB7E6A9}.Release|x86.ActiveCfg = Release|Win32
		{B3093958-1A9E-4D64-AF52-C566DFB7E6A9}.Release|x86.Build.0 = Release|Win32
		{2179E846-78B1-41F8-8593-1E934CA271AD}.Debug|x64.ActiveCfg = Debug|x64
		{2179E846-78B1-41F8-8593-1E934CA271AD}.Debug|x64.Build.0 = Debug|x64
		{2179E846-78B1-41F8-8593-1E934CA271AD}.Debug|x86.ActiveCfg = Debug|Win32
		{2179E846-78B1-41F8-8593-1E934CA271AD}.Debug|x86.Build.0 = Debug|Win32
		{2179E846-78B1-41F8-8593-1E934CA271AD}.Release|x64.ActiveCfg = Release|x64
		{2179E846-78B1-41F8-8593-1E934CA271AD}.Release|x64.Build.0 = Release|x64
		{2179E846-78B1-41F8-8593-1E934CA271AD}.Release|x86.ActiveCfg = Release|Win32
		{2179E846-78B1-41F8-8593-1E934CA271AD}.Release|x86.Build.0 = Release|Win32
		{B8C9E8E1-BD67-4D5E-9D1B-FD1BE9AEDDFB}.Debug|x64.ActiveCfg = Debug|x64
		{B8C9E8E1-BD67-4D5E-9D1B-FD1BE9AEDDFB}.Debug|x64.Build.0 = Debug|x64
		{B8C9E8E1-BD67-4D5E-9D1B-FD1BE9AEDDFB}.Debug|x86.ActiveCfg = Debug|Win32
		{B8C9E8E1-BD67-4D5E-9D1B-FD1BE9AEDDFB}.Debug|x86.Build.0 = Debug|Win32
		{B8C9E8E1-BD67-4D5E-9D1B-FD1BE9AEDDFB}.Release|x64.ActiveCfg = Release|x64
		{B8C9E8E1-BD67-4D5E-9D1B-FD1BE9AEDDFB}.Release|x64.Build.0 = Release|x64
		{B8C9E8E1-BD67-4D5E-9D1B-FD1BE9AEDDFB}.Release|x86.ActiveCfg = Release|Win32
		{B8C9E8E1-BD67-4D5E-9D1B-FD1BE9AEDDFB}.Release|x86.Build.0 = Release|Win32
		{2E25FED0-B7E1-433F-AF1B-B2E6BC9E5028}.Debug|x64.ActiveCfg = Debug|x64
		{2E25FED0-B7E1-433F-AF1B-B2E6BC9E5028}.Debug|x64.Build.0 = Debug|x64
		{2E25FED0-B7E1-433F-AF1B-B2E6BC9E5028}.Debug|x86.ActiveCfg = Debug|Win32
		{2E25FED0-B7E1-433F-AF1B-B2E6BC9E5028}.Debug|x86.Build.0 = Debug|Win32
		{2E25FED0-B7E1-433F-AF1B-B2E6BC9E5028}.Release|x64.ActiveCfg = Release|x64
		{2E25FED0-B7E1-433F-AF1B-B2E6BC9E5028}.Release|x64.Build.0 = Release|x64
		{2E25FED0-B7E1-433F-AF1B-B2E6BC9E5028}.Release|x86.ActiveCfg = Release|Win32
		{2E25FED0-B7E1-433F-AF1B-B2E6BC9E5028}.Release|x86.Build.0 = Release|Win32
		{5EAB11B2-15E2-4FA0-867C-742DF6492419}.Debug|x64.ActiveCfg = Debug|x64
		{5EAB11B2-15E2-4FA0-867C-742DF6492419}.Debug|x64.Build.0 = Debug|x64
		{5EAB11B2-15E2-4FA0-867C-742DF6492419}.Debug|x86.ActiveCfg = Debug|Win32
		{5EAB11B2-15E2-4FA0-867C-742DF6492419}.Debug|x86.Build.0 = Debug|Win32
		{5EAB11B2-15E2-4FA0-867C-742DF6492419}.Release|x64.ActiveCfg = Release|x64
		{5EAB11B2-15E2-4FA0-867C-742DF6492419}.Release|x64.Build.0 = Release|x64
		{5EAB11B2-15E2-4FA0-867C-742DF6492419}.Release|x86.ActiveCfg = Release|Win32
		{5EAB11B2-15E2-4FA0-867C-742DF6492419}.Release|x86.Build.0 = Release|Win32
		{20E5EFF5-286A-4F4B-802C-60762B305EAE}.Debug|x64.ActiveCfg = Debug|x64
		{20E5EFF5-286A-4F4B-802C-60762B305EAE}.Debug|x64.Build.0 = Debug|x64
		{20E5EFF5-286A-4F4B-802C-60762B305EAE}.Debug|x86.ActiveCfg = Debug|Win32
		{20E5EFF5-286A-4F4B-802C-60762B305EAE}.Debug|x86.Build.0 = Debug|Win32
		{20E5EFF5-286A-4F4B-802C-60762B305EAE}.Release|x64.ActiveCfg = Release|x64
		{20E5EFF5-286A-4F4B-802C-60762B305EAE}.Release|x64.Build.0 = Release|x64
		{20E5EFF5-286A-4F4B-802C-60762B305EAE}.Release|x86.ActiveCfg = Release|Win32
		{20E5EFF5-286A-4F4B-802C-60762B305EAE}.Release|x86.Build.0 = Release|Win32
		{5CA3276F-B007-4960-B8EB-DEAADD977830}.Debug|x64.ActiveCfg = Debug|x64
		{5CA3276F-B007-4960-B8EB-DEAADD977830}.Debug|x64.Build.0 = Debug|x64
		{5CA3276F-B007-4960-B8EB-DEAADD977830}.Debug|x86.ActiveCfg = Debug|Win32
		{5CA3276F-B007-4960-B8EB-DEAADD977830}.Debug|x86.Build.0 = Debug|Win32
		{5CA3276F-B007-4960-B8EB-DEAADD977830}.Release|x64.ActiveCfg = Release|x64
		{5CA3276F-B007-4960-B8EB-DEAADD977830}.Release|x64.Build.0 = Release|x64
		{5CA3276F-B007-4960-B8EB-DEAADD977830}.Release|x86.ActiveCfg = Release|Win32
		{5CA3276F-B007-4960-B8EB-DEAADD977830}.Release|x86.Build.0 = Release|Win32
	EndGlobalSection
	GlobalSection(SolutionProperties) = preSolution
		HideSolutionNode = FALSE
	EndGlobalSection
EndGlobal
