
Microsoft Visual Studio Solution File, Format Version 12.00
# Visual Studio 14
VisualStudioVersion = 14.0.24720.0
MinimumVisualStudioVersion = 10.0.40219.1
Project("{8BC9CEB8-8B4A-11D0-8D11-00A0C91BC942}") = "Exercise 01", "Exercise 01\Exercise 01.vcxproj", "{B3318481-5496-48BD-BC56-B7C3A25D8DCC}"
EndProject
Project("{8BC9CEB8-8B4A-11D0-8D11-00A0C91BC942}") = "Exercise 02", "Exercise 02\Exercise 02.vcxproj", "{93AD9C3C-3B91-4D9E-9F32-55F7B40C52FC}"
EndProject
Project("{8BC9CEB8-8B4A-11D0-8D11-00A0C91BC942}") = "Exercise 03", "Exercise 03\Exercise 03.vcxproj", "{452CCEFE-D430-4CD3-BCF8-257871203F8B}"
EndProject
Project("{8BC9CEB8-8B4A-11D0-8D11-00A0C91BC942}") = "Exercise 04", "Exercise 04\Exercise 04.vcxproj", "{866F6FBB-A1C0-4901-AF68-3DEA97D27C90}"
EndProject
Project("{8BC9CEB8-8B4A-11D0-8D11-00A0C91BC942}") = "Exercise 05", "Exercise 05\Exercise 05.vcxproj", "{50282C20-349B-4391-A3E9-A987715CC05D}"
EndProject
Project("{8BC9CEB8-8B4A-11D0-8D11-00A0C91BC942}") = "Exercise 06", "Exercise 06\Exercise 06.vcxproj", "{9B623836-5148-421D-90D6-C786B26633B2}"
EndProject
Project("{8BC9CEB8-8B4A-11D0-8D11-00A0C91BC942}") = "Exercise 07", "Exercise 07\Exercise 07.vcxproj", "{C212FB92-1038-4509-B5D7-27F2332CD96C}"
EndProject
Project("{8BC9CEB8-8B4A-11D0-8D11-00A0C91BC942}") = "Exercise 08", "Exercise 08\Exercise 08.vcxproj", "{AA68F642-8C3F-4664-8B01-961C4321B6C2}"
EndProject
Project("{8BC9CEB8-8B4A-11D0-8D11-00A0C91BC942}") = "Exercise 09", "Exercise 09\Exercise 09.vcxproj", "{553B43CD-67C8-47A2-BC83-A56F8870558D}"
EndProject
Project("{8BC9CEB8-8B4A-11D0-8D11-00A0C91BC942}") = "Exercise 10", "Exercise 10\Exercise 10.vcxproj", "{90B352CE-F906-4F12-AFDF-F4E801616186}"
EndProject
Project("{8BC9CEB8-8B4A-11D0-8D11-00A0C91BC942}") = "Exercise 11", "Exercise 11\Exercise 11.vcxproj", "{E06E6419-6389-4EA1-B548-A1DEE3DB9C5B}"
EndProject
Project("{8BC9CEB8-8B4A-11D0-8D11-00A0C91BC942}") = "Exercise 12", "Exercise 12\Exercise 12.vcxproj", "{D2DB58A3-DB1A-4186-BB09-CDCBAC9DCAD6}"
EndProject
Project("{8BC9CEB8-8B4A-11D0-8D11-00A0C91BC942}") = "Exercise 13", "Exercise 13\Exercise 13.vcxproj", "{334C88F7-45DA-421D-B77D-B07B36012E6A}"
EndProject
Project("{8BC9CEB8-8B4A-11D0-8D11-00A0C91BC942}") = "Exercise 14", "Exercise 14\Exercise 14.vcxproj", "{1C547CAB-3747-4F8B-A9D4-55AD02637BD8}"
EndProject
Project("{8BC9CEB8-8B4A-11D0-8D11-00A0C91BC942}") = "Exercise 15", "Exercise 15\Exercise 15.vcxproj", "{15FD6A0D-10C8-4D59-B6CD-D061C811011D}"
EndProject
Project("{8BC9CEB8-8B4A-11D0-8D11-00A0C91BC942}") = "Exercise 16", "Exercise 16\Exercise 16.vcxproj", "{BB06AE96-52A4-4732-86D6-C44E2D35DDBE}"
EndProject
Project("{8BC9CEB8-8B4A-11D0-8D11-00A0C91BC942}") = "Exercise 17", "Exercise 17\Exercise 17.vcxproj", "{831DAA28-49A6-4018-A22E-C043C9372E1C}"
EndProject
Project("{8BC9CEB8-8B4A-11D0-8D11-00A0C91BC942}") = "Exercise 18", "Exercise 18\Exercise 18.vcxproj", "{A20184CD-DB33-45FA-8A86-7E622CB26F71}"
EndProject
Project("{8BC9CEB8-8B4A-11D0-8D11-00A0C91BC942}") = "Exercise 19", "Exercise 19\Exercise 19.vcxproj", "{580FEFF3-C0E7-4C79-AC10-AE10590CC5C5}"
EndProject
Global
	GlobalSection(SolutionConfigurationPlatforms) = preSolution
		Debug|x64 = Debug|x64
		Debug|x86 = Debug|x86
		Release|x64 = Release|x64
		Release|x86 = Release|x86
	EndGlobalSection
	GlobalSection(ProjectConfigurationPlatforms) = postSolution
		{B3318481-5496-48BD-BC56-B7C3A25D8DCC}.Debug|x64.ActiveCfg = Debug|x64
		{B3318481-5496-48BD-BC56-B7C3A25D8DCC}.Debug|x64.Build.0 = Debug|x64
		{B3318481-5496-48BD-BC56-B7C3A25D8DCC}.Debug|x86.ActiveCfg = Debug|Win32
		{B3318481-5496-48BD-BC56-B7C3A25D8DCC}.Debug|x86.Build.0 = Debug|Win32
		{B3318481-5496-48BD-BC56-B7C3A25D8DCC}.Release|x64.ActiveCfg = Release|x64
		{B3318481-5496-48BD-BC56-B7C3A25D8DCC}.Release|x64.Build.0 = Release|x64
		{B3318481-5496-48BD-BC56-B7C3A25D8DCC}.Release|x86.ActiveCfg = Release|Win32
		{B3318481-5496-48BD-BC56-B7C3A25D8DCC}.Release|x86.Build.0 = Release|Win32
		{93AD9C3C-3B91-4D9E-9F32-55F7B40C52FC}.Debug|x64.ActiveCfg = Debug|x64
		{93AD9C3C-3B91-4D9E-9F32-55F7B40C52FC}.Debug|x64.Build.0 = Debug|x64
		{93AD9C3C-3B91-4D9E-9F32-55F7B40C52FC}.Debug|x86.ActiveCfg = Debug|Win32
		{93AD9C3C-3B91-4D9E-9F32-55F7B40C52FC}.Debug|x86.Build.0 = Debug|Win32
		{93AD9C3C-3B91-4D9E-9F32-55F7B40C52FC}.Release|x64.ActiveCfg = Release|x64
		{93AD9C3C-3B91-4D9E-9F32-55F7B40C52FC}.Release|x64.Build.0 = Release|x64
		{93AD9C3C-3B91-4D9E-9F32-55F7B40C52FC}.Release|x86.ActiveCfg = Release|Win32
		{93AD9C3C-3B91-4D9E-9F32-55F7B40C52FC}.Release|x86.Build.0 = Release|Win32
		{452CCEFE-D430-4CD3-BCF8-257871203F8B}.Debug|x64.ActiveCfg = Debug|x64
		{452CCEFE-D430-4CD3-BCF8-257871203F8B}.Debug|x64.Build.0 = Debug|x64
		{452CCEFE-D430-4CD3-BCF8-257871203F8B}.Debug|x86.ActiveCfg = Debug|Win32
		{452CCEFE-D430-4CD3-BCF8-257871203F8B}.Debug|x86.Build.0 = Debug|Win32
		{452CCEFE-D430-4CD3-BCF8-257871203F8B}.Release|x64.ActiveCfg = Release|x64
		{452CCEFE-D430-4CD3-BCF8-257871203F8B}.Release|x64.Build.0 = Release|x64
		{452CCEFE-D430-4CD3-BCF8-257871203F8B}.Release|x86.ActiveCfg = Release|Win32
		{452CCEFE-D430-4CD3-BCF8-257871203F8B}.Release|x86.Build.0 = Release|Win32
		{866F6FBB-A1C0-4901-AF68-3DEA97D27C90}.Debug|x64.ActiveCfg = Debug|x64
		{866F6FBB-A1C0-4901-AF68-3DEA97D27C90}.Debug|x64.Build.0 = Debug|x64
		{866F6FBB-A1C0-4901-AF68-3DEA97D27C90}.Debug|x86.ActiveCfg = Debug|Win32
		{866F6FBB-A1C0-4901-AF68-3DEA97D27C90}.Debug|x86.Build.0 = Debug|Win32
		{866F6FBB-A1C0-4901-AF68-3DEA97D27C90}.Release|x64.ActiveCfg = Release|x64
		{866F6FBB-A1C0-4901-AF68-3DEA97D27C90}.Release|x64.Build.0 = Release|x64
		{866F6FBB-A1C0-4901-AF68-3DEA97D27C90}.Release|x86.ActiveCfg = Release|Win32
		{866F6FBB-A1C0-4901-AF68-3DEA97D27C90}.Release|x86.Build.0 = Release|Win32
		{50282C20-349B-4391-A3E9-A987715CC05D}.Debug|x64.ActiveCfg = Debug|x64
		{50282C20-349B-4391-A3E9-A987715CC05D}.Debug|x64.Build.0 = Debug|x64
		{50282C20-349B-4391-A3E9-A987715CC05D}.Debug|x86.ActiveCfg = Debug|Win32
		{50282C20-349B-4391-A3E9-A987715CC05D}.Debug|x86.Build.0 = Debug|Win32
		{50282C20-349B-4391-A3E9-A987715CC05D}.Release|x64.ActiveCfg = Release|x64
		{50282C20-349B-4391-A3E9-A987715CC05D}.Release|x64.Build.0 = Release|x64
		{50282C20-349B-4391-A3E9-A987715CC05D}.Release|x86.ActiveCfg = Release|Win32
		{50282C20-349B-4391-A3E9-A987715CC05D}.Release|x86.Build.0 = Release|Win32
		{9B623836-5148-421D-90D6-C786B26633B2}.Debug|x64.ActiveCfg = Debug|x64
		{9B623836-5148-421D-90D6-C786B26633B2}.Debug|x64.Build.0 = Debug|x64
		{9B623836-5148-421D-90D6-C786B26633B2}.Debug|x86.ActiveCfg = Debug|Win32
		{9B623836-5148-421D-90D6-C786B26633B2}.Debug|x86.Build.0 = Debug|Win32
		{9B623836-5148-421D-90D6-C786B26633B2}.Release|x64.ActiveCfg = Release|x64
		{9B623836-5148-421D-90D6-C786B26633B2}.Release|x64.Build.0 = Release|x64
		{9B623836-5148-421D-90D6-C786B26633B2}.Release|x86.ActiveCfg = Release|Win32
		{9B623836-5148-421D-90D6-C786B26633B2}.Release|x86.Build.0 = Release|Win32
		{C212FB92-1038-4509-B5D7-27F2332CD96C}.Debug|x64.ActiveCfg = Debug|x64
		{C212FB92-1038-4509-B5D7-27F2332CD96C}.Debug|x64.Build.0 = Debug|x64
		{C212FB92-1038-4509-B5D7-27F2332CD96C}.Debug|x86.ActiveCfg = Debug|Win32
		{C212FB92-1038-4509-B5D7-27F2332CD96C}.Debug|x86.Build.0 = Debug|Win32
		{C212FB92-1038-4509-B5D7-27F2332CD96C}.Release|x64.ActiveCfg = Release|x64
		{C212FB92-1038-4509-B5D7-27F2332CD96C}.Release|x64.Build.0 = Release|x64
		{C212FB92-1038-4509-B5D7-27F2332CD96C}.Release|x86.ActiveCfg = Release|Win32
		{C212FB92-1038-4509-B5D7-27F2332CD96C}.Release|x86.Build.0 = Release|Win32
		{AA68F642-8C3F-4664-8B01-961C4321B6C2}.Debug|x64.ActiveCfg = Debug|x64
		{AA68F642-8C3F-4664-8B01-961C4321B6C2}.Debug|x64.Build.0 = Debug|x64
		{AA68F642-8C3F-4664-8B01-961C4321B6C2}.Debug|x86.ActiveCfg = Debug|Win32
		{AA68F642-8C3F-4664-8B01-961C4321B6C2}.Debug|x86.Build.0 = Debug|Win32
		{AA68F642-8C3F-4664-8B01-961C4321B6C2}.Release|x64.ActiveCfg = Release|x64
		{AA68F642-8C3F-4664-8B01-961C4321B6C2}.Release|x64.Build.0 = Release|x64
		{AA68F642-8C3F-4664-8B01-961C4321B6C2}.Release|x86.ActiveCfg = Release|Win32
		{AA68F642-8C3F-4664-8B01-961C4321B6C2}.Release|x86.Build.0 = Release|Win32
		{553B43CD-67C8-47A2-BC83-A56F8870558D}.Debug|x64.ActiveCfg = Debug|x64
		{553B43CD-67C8-47A2-BC83-A56F8870558D}.Debug|x64.Build.0 = Debug|x64
		{553B43CD-67C8-47A2-BC83-A56F8870558D}.Debug|x86.ActiveCfg = Debug|Win32
		{553B43CD-67C8-47A2-BC83-A56F8870558D}.Debug|x86.Build.0 = Debug|Win32
		{553B43CD-67C8-47A2-BC83-A56F8870558D}.Release|x64.ActiveCfg = Release|x64
		{553B43CD-67C8-47A2-BC83-A56F8870558D}.Release|x64.Build.0 = Release|x64
		{553B43CD-67C8-47A2-BC83-A56F8870558D}.Release|x86.ActiveCfg = Release|Win32
		{553B43CD-67C8-47A2-BC83-A56F8870558D}.Release|x86.Build.0 = Release|Win32
		{90B352CE-F906-4F12-AFDF-F4E801616186}.Debug|x64.ActiveCfg = Debug|x64
		{90B352CE-F906-4F12-AFDF-F4E801616186}.Debug|x64.Build.0 = Debug|x64
		{90B352CE-F906-4F12-AFDF-F4E801616186}.Debug|x86.ActiveCfg = Debug|Win32
		{90B352CE-F906-4F12-AFDF-F4E801616186}.Debug|x86.Build.0 = Debug|Win32
		{90B352CE-F906-4F12-AFDF-F4E801616186}.Release|x64.ActiveCfg = Release|x64
		{90B352CE-F906-4F12-AFDF-F4E801616186}.Release|x64.Build.0 = Release|x64
		{90B352CE-F906-4F12-AFDF-F4E801616186}.Release|x86.ActiveCfg = Release|Win32
		{90B352CE-F906-4F12-AFDF-F4E801616186}.Release|x86.Build.0 = Release|Win32
		{E06E6419-6389-4EA1-B548-A1DEE3DB9C5B}.Debug|x64.ActiveCfg = Debug|x64
		{E06E6419-6389-4EA1-B548-A1DEE3DB9C5B}.Debug|x64.Build.0 = Debug|x64
		{E06E6419-6389-4EA1-B548-A1DEE3DB9C5B}.Debug|x86.ActiveCfg = Debug|Win32
		{E06E6419-6389-4EA1-B548-A1DEE3DB9C5B}.Debug|x86.Build.0 = Debug|Win32
		{E06E6419-6389-4EA1-B548-A1DEE3DB9C5B}.Release|x64.ActiveCfg = Release|x64
		{E06E6419-6389-4EA1-B548-A1DEE3DB9C5B}.Release|x64.Build.0 = Release|x64
		{E06E6419-6389-4EA1-B548-A1DEE3DB9C5B}.Release|x86.ActiveCfg = Release|Win32
		{E06E6419-6389-4EA1-B548-A1DEE3DB9C5B}.Release|x86.Build.0 = Release|Win32
		{D2DB58A3-DB1A-4186-BB09-CDCBAC9DCAD6}.Debug|x64.ActiveCfg = Debug|x64
		{D2DB58A3-DB1A-4186-BB09-CDCBAC9DCAD6}.Debug|x64.Build.0 = Debug|x64
		{D2DB58A3-DB1A-4186-BB09-CDCBAC9DCAD6}.Debug|x86.ActiveCfg = Debug|Win32
		{D2DB58A3-DB1A-4186-BB09-CDCBAC9DCAD6}.Debug|x86.Build.0 = Debug|Win32
		{D2DB58A3-DB1A-4186-BB09-CDCBAC9DCAD6}.Release|x64.ActiveCfg = Release|x64
		{D2DB58A3-DB1A-4186-BB09-CDCBAC9DCAD6}.Release|x64.Build.0 = Release|x64
		{D2DB58A3-DB1A-4186-BB09-CDCBAC9DCAD6}.Release|x86.ActiveCfg = Release|Win32
		{D2DB58A3-DB1A-4186-BB09-CDCBAC9DCAD6}.Release|x86.Build.0 = Release|Win32
		{334C88F7-45DA-421D-B77D-B07B36012E6A}.Debug|x64.ActiveCfg = Debug|x64
		{334C88F7-45DA-421D-B77D-B07B36012E6A}.Debug|x64.Build.0 = Debug|x64
		{334C88F7-45DA-421D-B77D-B07B36012E6A}.Debug|x86.ActiveCfg = Debug|Win32
		{334C88F7-45DA-421D-B77D-B07B36012E6A}.Debug|x86.Build.0 = Debug|Win32
		{334C88F7-45DA-421D-B77D-B07B36012E6A}.Release|x64.ActiveCfg = Release|x64
		{334C88F7-45DA-421D-B77D-B07B36012E6A}.Release|x64.Build.0 = Release|x64
		{334C88F7-45DA-421D-B77D-B07B36012E6A}.Release|x86.ActiveCfg = Release|Win32
		{334C88F7-45DA-421D-B77D-B07B36012E6A}.Release|x86.Build.0 = Release|Win32
		{1C547CAB-3747-4F8B-A9D4-55AD02637BD8}.Debug|x64.ActiveCfg = Debug|x64
		{1C547CAB-3747-4F8B-A9D4-55AD02637BD8}.Debug|x64.Build.0 = Debug|x64
		{1C547CAB-3747-4F8B-A9D4-55AD02637BD8}.Debug|x86.ActiveCfg = Debug|Win32
		{1C547CAB-3747-4F8B-A9D4-55AD02637BD8}.Debug|x86.Build.0 = Debug|Win32
		{1C547CAB-3747-4F8B-A9D4-55AD02637BD8}.Release|x64.ActiveCfg = Release|x64
		{1C547CAB-3747-4F8B-A9D4-55AD02637BD8}.Release|x64.Build.0 = Release|x64
		{1C547CAB-3747-4F8B-A9D4-55AD02637BD8}.Release|x86.ActiveCfg = Release|Win32
		{1C547CAB-3747-4F8B-A9D4-55AD02637BD8}.Release|x86.Build.0 = Release|Win32
		{15FD6A0D-10C8-4D59-B6CD-D061C811011D}.Debug|x64.ActiveCfg = Debug|x64
		{15FD6A0D-10C8-4D59-B6CD-D061C811011D}.Debug|x64.Build.0 = Debug|x64
		{15FD6A0D-10C8-4D59-B6CD-D061C811011D}.Debug|x86.ActiveCfg = Debug|Win32
		{15FD6A0D-10C8-4D59-B6CD-D061C811011D}.Debug|x86.Build.0 = Debug|Win32
		{15FD6A0D-10C8-4D59-B6CD-D061C811011D}.Release|x64.ActiveCfg = Release|x64
		{15FD6A0D-10C8-4D59-B6CD-D061C811011D}.Release|x64.Build.0 = Release|x64
		{15FD6A0D-10C8-4D59-B6CD-D061C811011D}.Release|x86.ActiveCfg = Release|Win32
		{15FD6A0D-10C8-4D59-B6CD-D061C811011D}.Release|x86.Build.0 = Release|Win32
		{BB06AE96-52A4-4732-86D6-C44E2D35DDBE}.Debug|x64.ActiveCfg = Debug|x64
		{BB06AE96-52A4-4732-86D6-C44E2D35DDBE}.Debug|x64.Build.0 = Debug|x64
		{BB06AE96-52A4-4732-86D6-C44E2D35DDBE}.Debug|x86.ActiveCfg = Debug|Win32
		{BB06AE96-52A4-4732-86D6-C44E2D35DDBE}.Debug|x86.Build.0 = Debug|Win32
		{BB06AE96-52A4-4732-86D6-C44E2D35DDBE}.Release|x64.ActiveCfg = Release|x64
		{BB06AE96-52A4-4732-86D6-C44E2D35DDBE}.Release|x64.Build.0 = Release|x64
		{BB06AE96-52A4-4732-86D6-C44E2D35DDBE}.Release|x86.ActiveCfg = Release|Win32
		{BB06AE96-52A4-4732-86D6-C44E2D35DDBE}.Release|x86.Build.0 = Release|Win32
		{831DAA28-49A6-4018-A22E-C043C9372E1C}.Debug|x64.ActiveCfg = Debug|x64
		{831DAA28-49A6-4018-A22E-C043C9372E1C}.Debug|x64.Build.0 = Debug|x64
		{831DAA28-49A6-4018-A22E-C043C9372E1C}.Debug|x86.ActiveCfg = Debug|Win32
		{831DAA28-49A6-4018-A22E-C043C9372E1C}.Debug|x86.Build.0 = Debug|Win32
		{831DAA28-49A6-4018-A22E-C043C9372E1C}.Release|x64.ActiveCfg = Release|x64
		{831DAA28-49A6-4018-A22E-C043C9372E1C}.Release|x64.Build.0 = Release|x64
		{831DAA28-49A6-4018-A22E-C043C9372E1C}.Release|x86.ActiveCfg = Release|Win32
		{831DAA28-49A6-4018-A22E-C043C9372E1C}.Release|x86.Build.0 = Release|Win32
		{A20184CD-DB33-45FA-8A86-7E622CB26F71}.Debug|x64.ActiveCfg = Debug|x64
		{A20184CD-DB33-45FA-8A86-7E622CB26F71}.Debug|x64.Build.0 = Debug|x64
		{A20184CD-DB33-45FA-8A86-7E622CB26F71}.Debug|x86.ActiveCfg = Debug|Win32
		{A20184CD-DB33-45FA-8A86-7E622CB26F71}.Debug|x86.Build.0 = Debug|Win32
		{A20184CD-DB33-45FA-8A86-7E622CB26F71}.Release|x64.ActiveCfg = Release|x64
		{A20184CD-DB33-45FA-8A86-7E622CB26F71}.Release|x64.Build.0 = Release|x64
		{A20184CD-DB33-45FA-8A86-7E622CB26F71}.Release|x86.ActiveCfg = Release|Win32
		{A20184CD-DB33-45FA-8A86-7E622CB26F71}.Release|x86.Build.0 = Release|Win32
		{580FEFF3-C0E7-4C79-AC10-AE10590CC5C5}.Debug|x64.ActiveCfg = Debug|x64
		{580FEFF3-C0E7-4C79-AC10-AE10590CC5C5}.Debug|x64.Build.0 = Debug|x64
		{580FEFF3-C0E7-4C79-AC10-AE10590CC5C5}.Debug|x86.ActiveCfg = Debug|Win32
		{580FEFF3-C0E7-4C79-AC10-AE10590CC5C5}.Debug|x86.Build.0 = Debug|Win32
		{580FEFF3-C0E7-4C79-AC10-AE10590CC5C5}.Release|x64.ActiveCfg = Release|x64
		{580FEFF3-C0E7-4C79-AC10-AE10590CC5C5}.Release|x64.Build.0 = Release|x64
		{580FEFF3-C0E7-4C79-AC10-AE10590CC5C5}.Release|x86.ActiveCfg = Release|Win32
		{580FEFF3-C0E7-4C79-AC10-AE10590CC5C5}.Release|x86.Build.0 = Release|Win32
	EndGlobalSection
	GlobalSection(SolutionProperties) = preSolution
		HideSolutionNode = FALSE
	EndGlobalSection
EndGlobal
