
Microsoft Visual Studio Solution File, Format Version 12.00
# Visual Studio 14
VisualStudioVersion = 14.0.24720.0
MinimumVisualStudioVersion = 10.0.40219.1
Project("{8BC9CEB8-8B4A-11D0-8D11-00A0C91BC942}") = "Example 01", "Example 01\Example 01.vcxproj", "{67A5C62B-7EB8-4578-8E45-33BA15D25B01}"
EndProject
Project("{8BC9CEB8-8B4A-11D0-8D11-00A0C91BC942}") = "Example 02", "Example 02\Example 02.vcxproj", "{140AAB11-C9F7-4D22-AF8E-FED874F98D7A}"
EndProject
Project("{8BC9CEB8-8B4A-11D0-8D11-00A0C91BC942}") = "Example 03", "Example 03\Example 03.vcxproj", "{51484259-C78E-4F6C-8CEB-CBB8C4F3E619}"
EndProject
Project("{8BC9CEB8-8B4A-11D0-8D11-00A0C91BC942}") = "Example 04", "Example 04\Example 04.vcxproj", "{B8BA0045-D62A-4F05-91B2-B17091240EEB}"
EndProject
Project("{8BC9CEB8-8B4A-11D0-8D11-00A0C91BC942}") = "Example 05", "Example 05\Example 05.vcxproj", "{56988F26-A29E-4E81-BF1C-3D5F847E8B69}"
EndProject
Project("{8BC9CEB8-8B4A-11D0-8D11-00A0C91BC942}") = "Example 06", "Example 06\Example 06.vcxproj", "{F7C079D7-616E-42FF-AE80-E7222ED7A82D}"
EndProject
Project("{8BC9CEB8-8B4A-11D0-8D11-00A0C91BC942}") = "Example 07", "Example 07\Example 07.vcxproj", "{4E92AD3F-15BE-4AAD-9449-7F3A184AF4CA}"
EndProject
Project("{8BC9CEB8-8B4A-11D0-8D11-00A0C91BC942}") = "Example 08", "Example 08\Example 08.vcxproj", "{B27E17E4-20DB-419B-90CD-7D98810561BD}"
EndProject
Project("{8BC9CEB8-8B4A-11D0-8D11-00A0C91BC942}") = "Example 09", "Example 09\Example 09.vcxproj", "{3A1BE6A0-306E-477B-A96B-27920D3136D5}"
EndProject
Project("{8BC9CEB8-8B4A-11D0-8D11-00A0C91BC942}") = "Example 10", "Example 10\Example 10.vcxproj", "{10DFF9AD-E269-4D1C-9D15-927D5A852A77}"
EndProject
Project("{8BC9CEB8-8B4A-11D0-8D11-00A0C91BC942}") = "Example 11", "Example 11\Example 11.vcxproj", "{76AC5670-C50C-4994-9CF0-02EBD6B025CD}"
EndProject
Project("{8BC9CEB8-8B4A-11D0-8D11-00A0C91BC942}") = "Example 12", "Example 12\Example 12.vcxproj", "{971CA9C6-6AFD-49E2-9B16-9A9558B06BD0}"
EndProject
Project("{8BC9CEB8-8B4A-11D0-8D11-00A0C91BC942}") = "Example 13", "Example 13\Example 13.vcxproj", "{7082094D-1DA6-428D-B8BA-2355F1C2087F}"
EndProject
Project("{8BC9CEB8-8B4A-11D0-8D11-00A0C91BC942}") = "Example 14", "Example 14\Example 14.vcxproj", "{261508E9-B330-404B-BE65-4B4BDB4D73CE}"
EndProject
Project("{8BC9CEB8-8B4A-11D0-8D11-00A0C91BC942}") = "Example 15", "Example 15\Example 15.vcxproj", "{81847E47-C49C-479C-A001-68B64A3E9235}"
EndProject
Project("{8BC9CEB8-8B4A-11D0-8D11-00A0C91BC942}") = "Example 16", "Example 16\Example 16.vcxproj", "{CC2FCC01-1B27-45EB-9965-31087956094F}"
EndProject
Global
	GlobalSection(SolutionConfigurationPlatforms) = preSolution
		Debug|x64 = Debug|x64
		Debug|x86 = Debug|x86
		Release|x64 = Release|x64
		Release|x86 = Release|x86
	EndGlobalSection
	GlobalSection(ProjectConfigurationPlatforms) = postSolution
		{67A5C62B-7EB8-4578-8E45-33BA15D25B01}.Debug|x64.ActiveCfg = Debug|x64
		{67A5C62B-7EB8-4578-8E45-33BA15D25B01}.Debug|x64.Build.0 = Debug|x64
		{67A5C62B-7EB8-4578-8E45-33BA15D25B01}.Debug|x86.ActiveCfg = Debug|Win32
		{67A5C62B-7EB8-4578-8E45-33BA15D25B01}.Debug|x86.Build.0 = Debug|Win32
		{67A5C62B-7EB8-4578-8E45-33BA15D25B01}.Release|x64.ActiveCfg = Release|x64
		{67A5C62B-7EB8-4578-8E45-33BA15D25B01}.Release|x64.Build.0 = Release|x64
		{67A5C62B-7EB8-4578-8E45-33BA15D25B01}.Release|x86.ActiveCfg = Release|Win32
		{67A5C62B-7EB8-4578-8E45-33BA15D25B01}.Release|x86.Build.0 = Release|Win32
		{140AAB11-C9F7-4D22-AF8E-FED874F98D7A}.Debug|x64.ActiveCfg = Debug|x64
		{140AAB11-C9F7-4D22-AF8E-FED874F98D7A}.Debug|x64.Build.0 = Debug|x64
		{140AAB11-C9F7-4D22-AF8E-FED874F98D7A}.Debug|x86.ActiveCfg = Debug|Win32
		{140AAB11-C9F7-4D22-AF8E-FED874F98D7A}.Debug|x86.Build.0 = Debug|Win32
		{140AAB11-C9F7-4D22-AF8E-FED874F98D7A}.Release|x64.ActiveCfg = Release|x64
		{140AAB11-C9F7-4D22-AF8E-FED874F98D7A}.Release|x64.Build.0 = Release|x64
		{140AAB11-C9F7-4D22-AF8E-FED874F98D7A}.Release|x86.ActiveCfg = Release|Win32
		{140AAB11-C9F7-4D22-AF8E-FED874F98D7A}.Release|x86.Build.0 = Release|Win32
		{51484259-C78E-4F6C-8CEB-CBB8C4F3E619}.Debug|x64.ActiveCfg = Debug|x64
		{51484259-C78E-4F6C-8CEB-CBB8C4F3E619}.Debug|x64.Build.0 = Debug|x64
		{51484259-C78E-4F6C-8CEB-CBB8C4F3E619}.Debug|x86.ActiveCfg = Debug|Win32
		{51484259-C78E-4F6C-8CEB-CBB8C4F3E619}.Debug|x86.Build.0 = Debug|Win32
		{51484259-C78E-4F6C-8CEB-CBB8C4F3E619}.Release|x64.ActiveCfg = Release|x64
		{51484259-C78E-4F6C-8CEB-CBB8C4F3E619}.Release|x64.Build.0 = Release|x64
		{51484259-C78E-4F6C-8CEB-CBB8C4F3E619}.Release|x86.ActiveCfg = Release|Win32
		{51484259-C78E-4F6C-8CEB-CBB8C4F3E619}.Release|x86.Build.0 = Release|Win32
		{B8BA0045-D62A-4F05-91B2-B17091240EEB}.Debug|x64.ActiveCfg = Debug|x64
		{B8BA0045-D62A-4F05-91B2-B17091240EEB}.Debug|x64.Build.0 = Debug|x64
		{B8BA0045-D62A-4F05-91B2-B17091240EEB}.Debug|x86.ActiveCfg = Debug|Win32
		{B8BA0045-D62A-4F05-91B2-B17091240EEB}.Debug|x86.Build.0 = Debug|Win32
		{B8BA0045-D62A-4F05-91B2-B17091240EEB}.Release|x64.ActiveCfg = Release|x64
		{B8BA0045-D62A-4F05-91B2-B17091240EEB}.Release|x64.Build.0 = Release|x64
		{B8BA0045-D62A-4F05-91B2-B17091240EEB}.Release|x86.ActiveCfg = Release|Win32
		{B8BA0045-D62A-4F05-91B2-B17091240EEB}.Release|x86.Build.0 = Release|Win32
		{56988F26-A29E-4E81-BF1C-3D5F847E8B69}.Debug|x64.ActiveCfg = Debug|x64
		{56988F26-A29E-4E81-BF1C-3D5F847E8B69}.Debug|x64.Build.0 = Debug|x64
		{56988F26-A29E-4E81-BF1C-3D5F847E8B69}.Debug|x86.ActiveCfg = Debug|Win32
		{56988F26-A29E-4E81-BF1C-3D5F847E8B69}.Debug|x86.Build.0 = Debug|Win32
		{56988F26-A29E-4E81-BF1C-3D5F847E8B69}.Release|x64.ActiveCfg = Release|x64
		{56988F26-A29E-4E81-BF1C-3D5F847E8B69}.Release|x64.Build.0 = Release|x64
		{56988F26-A29E-4E81-BF1C-3D5F847E8B69}.Release|x86.ActiveCfg = Release|Win32
		{56988F26-A29E-4E81-BF1C-3D5F847E8B69}.Release|x86.Build.0 = Release|Win32
		{F7C079D7-616E-42FF-AE80-E7222ED7A82D}.Debug|x64.ActiveCfg = Debug|x64
		{F7C079D7-616E-42FF-AE80-E7222ED7A82D}.Debug|x64.Build.0 = Debug|x64
		{F7C079D7-616E-42FF-AE80-E7222ED7A82D}.Debug|x86.ActiveCfg = Debug|Win32
		{F7C079D7-616E-42FF-AE80-E7222ED7A82D}.Debug|x86.Build.0 = Debug|Win32
		{F7C079D7-616E-42FF-AE80-E7222ED7A82D}.Release|x64.ActiveCfg = Release|x64
		{F7C079D7-616E-42FF-AE80-E7222ED7A82D}.Release|x64.Build.0 = Release|x64
		{F7C079D7-616E-42FF-AE80-E7222ED7A82D}.Release|x86.ActiveCfg = Release|Win32
		{F7C079D7-616E-42FF-AE80-E7222ED7A82D}.Release|x86.Build.0 = Release|Win32
		{4E92AD3F-15BE-4AAD-9449-7F3A184AF4CA}.Debug|x64.ActiveCfg = Debug|x64
		{4E92AD3F-15BE-4AAD-9449-7F3A184AF4CA}.Debug|x64.Build.0 = Debug|x64
		{4E92AD3F-15BE-4AAD-9449-7F3A184AF4CA}.Debug|x86.ActiveCfg = Debug|Win32
		{4E92AD3F-15BE-4AAD-9449-7F3A184AF4CA}.Debug|x86.Build.0 = Debug|Win32
		{4E92AD3F-15BE-4AAD-9449-7F3A184AF4CA}.Release|x64.ActiveCfg = Release|x64
		{4E92AD3F-15BE-4AAD-9449-7F3A184AF4CA}.Release|x64.Build.0 = Release|x64
		{4E92AD3F-15BE-4AAD-9449-7F3A184AF4CA}.Release|x86.ActiveCfg = Release|Win32
		{4E92AD3F-15BE-4AAD-9449-7F3A184AF4CA}.Release|x86.Build.0 = Release|Win32
		{B27E17E4-20DB-419B-90CD-7D98810561BD}.Debug|x64.ActiveCfg = Debug|x64
		{B27E17E4-20DB-419B-90CD-7D98810561BD}.Debug|x64.Build.0 = Debug|x64
		{B27E17E4-20DB-419B-90CD-7D98810561BD}.Debug|x86.ActiveCfg = Debug|Win32
		{B27E17E4-20DB-419B-90CD-7D98810561BD}.Debug|x86.Build.0 = Debug|Win32
		{B27E17E4-20DB-419B-90CD-7D98810561BD}.Release|x64.ActiveCfg = Release|x64
		{B27E17E4-20DB-419B-90CD-7D98810561BD}.Release|x64.Build.0 = Release|x64
		{B27E17E4-20DB-419B-90CD-7D98810561BD}.Release|x86.ActiveCfg = Release|Win32
		{B27E17E4-20DB-419B-90CD-7D98810561BD}.Release|x86.Build.0 = Release|Win32
		{3A1BE6A0-306E-477B-A96B-27920D3136D5}.Debug|x64.ActiveCfg = Debug|x64
		{3A1BE6A0-306E-477B-A96B-27920D3136D5}.Debug|x64.Build.0 = Debug|x64
		{3A1BE6A0-306E-477B-A96B-27920D3136D5}.Debug|x86.ActiveCfg = Debug|Win32
		{3A1BE6A0-306E-477B-A96B-27920D3136D5}.Debug|x86.Build.0 = Debug|Win32
		{3A1BE6A0-306E-477B-A96B-27920D3136D5}.Release|x64.ActiveCfg = Release|x64
		{3A1BE6A0-306E-477B-A96B-27920D3136D5}.Release|x64.Build.0 = Release|x64
		{3A1BE6A0-306E-477B-A96B-27920D3136D5}.Release|x86.ActiveCfg = Release|Win32
		{3A1BE6A0-306E-477B-A96B-27920D3136D5}.Release|x86.Build.0 = Release|Win32
		{10DFF9AD-E269-4D1C-9D15-927D5A852A77}.Debug|x64.ActiveCfg = Debug|x64
		{10DFF9AD-E269-4D1C-9D15-927D5A852A77}.Debug|x64.Build.0 = Debug|x64
		{10DFF9AD-E269-4D1C-9D15-927D5A852A77}.Debug|x86.ActiveCfg = Debug|Win32
		{10DFF9AD-E269-4D1C-9D15-927D5A852A77}.Debug|x86.Build.0 = Debug|Win32
		{10DFF9AD-E269-4D1C-9D15-927D5A852A77}.Release|x64.ActiveCfg = Release|x64
		{10DFF9AD-E269-4D1C-9D15-927D5A852A77}.Release|x64.Build.0 = Release|x64
		{10DFF9AD-E269-4D1C-9D15-927D5A852A77}.Release|x86.ActiveCfg = Release|Win32
		{10DFF9AD-E269-4D1C-9D15-927D5A852A77}.Release|x86.Build.0 = Release|Win32
		{76AC5670-C50C-4994-9CF0-02EBD6B025CD}.Debug|x64.ActiveCfg = Debug|x64
		{76AC5670-C50C-4994-9CF0-02EBD6B025CD}.Debug|x64.Build.0 = Debug|x64
		{76AC5670-C50C-4994-9CF0-02EBD6B025CD}.Debug|x86.ActiveCfg = Debug|Win32
		{76AC5670-C50C-4994-9CF0-02EBD6B025CD}.Debug|x86.Build.0 = Debug|Win32
		{76AC5670-C50C-4994-9CF0-02EBD6B025CD}.Release|x64.ActiveCfg = Release|x64
		{76AC5670-C50C-4994-9CF0-02EBD6B025CD}.Release|x64.Build.0 = Release|x64
		{76AC5670-C50C-4994-9CF0-02EBD6B025CD}.Release|x86.ActiveCfg = Release|Win32
		{76AC5670-C50C-4994-9CF0-02EBD6B025CD}.Release|x86.Build.0 = Release|Win32
		{971CA9C6-6AFD-49E2-9B16-9A9558B06BD0}.Debug|x64.ActiveCfg = Debug|x64
		{971CA9C6-6AFD-49E2-9B16-9A9558B06BD0}.Debug|x64.Build.0 = Debug|x64
		{971CA9C6-6AFD-49E2-9B16-9A9558B06BD0}.Debug|x86.ActiveCfg = Debug|Win32
		{971CA9C6-6AFD-49E2-9B16-9A9558B06BD0}.Debug|x86.Build.0 = Debug|Win32
		{971CA9C6-6AFD-49E2-9B16-9A9558B06BD0}.Release|x64.ActiveCfg = Release|x64
		{971CA9C6-6AFD-49E2-9B16-9A9558B06BD0}.Release|x64.Build.0 = Release|x64
		{971CA9C6-6AFD-49E2-9B16-9A9558B06BD0}.Release|x86.ActiveCfg = Release|Win32
		{971CA9C6-6AFD-49E2-9B16-9A9558B06BD0}.Release|x86.Build.0 = Release|Win32
		{7082094D-1DA6-428D-B8BA-2355F1C2087F}.Debug|x64.ActiveCfg = Debug|x64
		{7082094D-1DA6-428D-B8BA-2355F1C2087F}.Debug|x64.Build.0 = Debug|x64
		{7082094D-1DA6-428D-B8BA-2355F1C2087F}.Debug|x86.ActiveCfg = Debug|Win32
		{7082094D-1DA6-428D-B8BA-2355F1C2087F}.Debug|x86.Build.0 = Debug|Win32
		{7082094D-1DA6-428D-B8BA-2355F1C2087F}.Release|x64.ActiveCfg = Release|x64
		{7082094D-1DA6-428D-B8BA-2355F1C2087F}.Release|x64.Build.0 = Release|x64
		{7082094D-1DA6-428D-B8BA-2355F1C2087F}.Release|x86.ActiveCfg = Release|Win32
		{7082094D-1DA6-428D-B8BA-2355F1C2087F}.Release|x86.Build.0 = Release|Win32
		{261508E9-B330-404B-BE65-4B4BDB4D73CE}.Debug|x64.ActiveCfg = Debug|x64
		{261508E9-B330-404B-BE65-4B4BDB4D73CE}.Debug|x64.Build.0 = Debug|x64
		{261508E9-B330-404B-BE65-4B4BDB4D73CE}.Debug|x86.ActiveCfg = Debug|Win32
		{261508E9-B330-404B-BE65-4B4BDB4D73CE}.Debug|x86.Build.0 = Debug|Win32
		{261508E9-B330-404B-BE65-4B4BDB4D73CE}.Release|x64.ActiveCfg = Release|x64
		{261508E9-B330-404B-BE65-4B4BDB4D73CE}.Release|x64.Build.0 = Release|x64
		{261508E9-B330-404B-BE65-4B4BDB4D73CE}.Release|x86.ActiveCfg = Release|Win32
		{261508E9-B330-404B-BE65-4B4BDB4D73CE}.Release|x86.Build.0 = Release|Win32
		{81847E47-C49C-479C-A001-68B64A3E9235}.Debug|x64.ActiveCfg = Debug|x64
		{81847E47-C49C-479C-A001-68B64A3E9235}.Debug|x64.Build.0 = Debug|x64
		{81847E47-C49C-479C-A001-68B64A3E9235}.Debug|x86.ActiveCfg = Debug|Win32
		{81847E47-C49C-479C-A001-68B64A3E9235}.Debug|x86.Build.0 = Debug|Win32
		{81847E47-C49C-479C-A001-68B64A3E9235}.Release|x64.ActiveCfg = Release|x64
		{81847E47-C49C-479C-A001-68B64A3E9235}.Release|x64.Build.0 = Release|x64
		{81847E47-C49C-479C-A001-68B64A3E9235}.Release|x86.ActiveCfg = Release|Win32
		{81847E47-C49C-479C-A001-68B64A3E9235}.Release|x86.Build.0 = Release|Win32
		{CC2FCC01-1B27-45EB-9965-31087956094F}.Debug|x64.ActiveCfg = Debug|x64
		{CC2FCC01-1B27-45EB-9965-31087956094F}.Debug|x64.Build.0 = Debug|x64
		{CC2FCC01-1B27-45EB-9965-31087956094F}.Debug|x86.ActiveCfg = Debug|Win32
		{CC2FCC01-1B27-45EB-9965-31087956094F}.Debug|x86.Build.0 = Debug|Win32
		{CC2FCC01-1B27-45EB-9965-31087956094F}.Release|x64.ActiveCfg = Release|x64
		{CC2FCC01-1B27-45EB-9965-31087956094F}.Release|x64.Build.0 = Release|x64
		{CC2FCC01-1B27-45EB-9965-31087956094F}.Release|x86.ActiveCfg = Release|Win32
		{CC2FCC01-1B27-45EB-9965-31087956094F}.Release|x86.Build.0 = Release|Win32
	EndGlobalSection
	GlobalSection(SolutionProperties) = preSolution
		HideSolutionNode = FALSE
	EndGlobalSection
EndGlobal
