
Microsoft Visual Studio Solution File, Format Version 12.00
# Visual Studio 14
VisualStudioVersion = 14.0.24720.0
MinimumVisualStudioVersion = 10.0.40219.1
Project("{8BC9CEB8-8B4A-11D0-8D11-00A0C91BC942}") = "Exercise 01", "Exercise 01\Exercise 01.vcxproj", "{B50961F4-FD6C-4ABD-AA7D-1879E01F996C}"
EndProject
Project("{8BC9CEB8-8B4A-11D0-8D11-00A0C91BC942}") = "Exercise 02", "Exercise 02\Exercise 02.vcxproj", "{3D5F2EFB-8C45-4A57-B3AC-21410B505091}"
EndProject
Project("{8BC9CEB8-8B4A-11D0-8D11-00A0C91BC942}") = "Exercise 03", "Exercise 03\Exercise 03.vcxproj", "{C01A505D-BC71-4482-94FE-0AA6D83371F1}"
EndProject
Project("{8BC9CEB8-8B4A-11D0-8D11-00A0C91BC942}") = "Exercise 04", "Exercise 04\Exercise 04.vcxproj", "{228AF516-2024-4458-B461-096DE13383C6}"
EndProject
Project("{8BC9CEB8-8B4A-11D0-8D11-00A0C91BC942}") = "Exercise 05", "Exercise 05\Exercise 05.vcxproj", "{88134B4C-86F5-41DD-9082-CB186EE487B9}"
EndProject
Project("{8BC9CEB8-8B4A-11D0-8D11-00A0C91BC942}") = "Exercise 06", "Exercise 06\Exercise 06.vcxproj", "{6CA92A1D-26D9-4E22-BE7D-1AD094D79A27}"
EndProject
Project("{8BC9CEB8-8B4A-11D0-8D11-00A0C91BC942}") = "Exercise 07", "Exercise 07\Exercise 07.vcxproj", "{9AFEBA20-BB61-4D8F-8A3E-63DFF488409C}"
EndProject
Project("{8BC9CEB8-8B4A-11D0-8D11-00A0C91BC942}") = "Exercise 08", "Exercise 08\Exercise 08.vcxproj", "{EC788EC6-274E-4F3A-A62B-13A4F624569F}"
EndProject
Project("{8BC9CEB8-8B4A-11D0-8D11-00A0C91BC942}") = "Exercise 09", "Exercise 09\Exercise 09.vcxproj", "{19B0739C-BF9D-4BF7-9B41-85220102220C}"
EndProject
Project("{8BC9CEB8-8B4A-11D0-8D11-00A0C91BC942}") = "Exercise 10", "Exercise 10\Exercise 10.vcxproj", "{2200211A-DC05-41B9-A1BC-0EC27CBCD7CA}"
EndProject
Project("{8BC9CEB8-8B4A-11D0-8D11-00A0C91BC942}") = "Exercise 11", "Exercise 11\Exercise 11.vcxproj", "{5B37C650-599A-4A37-8255-C7897E6FBE16}"
EndProject
Project("{8BC9CEB8-8B4A-11D0-8D11-00A0C91BC942}") = "Exercise 13", "Exercise 13\Exercise 13.vcxproj", "{4E38AF9B-B538-4AA5-A312-BDADC90C95F3}"
EndProject
Project("{8BC9CEB8-8B4A-11D0-8D11-00A0C91BC942}") = "Exercise 14", "Exercise 14\Exercise 14.vcxproj", "{1A628F34-60EF-41CC-A907-F420DD6D8396}"
EndProject
Project("{8BC9CEB8-8B4A-11D0-8D11-00A0C91BC942}") = "Exercise 15", "Exercise 15\Exercise 15.vcxproj", "{DF4EAE6A-D799-4AC6-B789-51D2179466F4}"
EndProject
Project("{8BC9CEB8-8B4A-11D0-8D11-00A0C91BC942}") = "Exercise 16", "Exercise 16\Exercise 16.vcxproj", "{4A746FE3-5F4A-4F6B-9B55-55059394EC6D}"
EndProject
Project("{8BC9CEB8-8B4A-11D0-8D11-00A0C91BC942}") = "Exercise 12", "Exercise 12\Exercise 12.vcxproj", "{48937017-2FB2-4AFC-8085-03BFCBDF11AD}"
EndProject
Global
	GlobalSection(SolutionConfigurationPlatforms) = preSolution
		Debug|x64 = Debug|x64
		Debug|x86 = Debug|x86
		Release|x64 = Release|x64
		Release|x86 = Release|x86
	EndGlobalSection
	GlobalSection(ProjectConfigurationPlatforms) = postSolution
		{B50961F4-FD6C-4ABD-AA7D-1879E01F996C}.Debug|x64.ActiveCfg = Debug|x64
		{B50961F4-FD6C-4ABD-AA7D-1879E01F996C}.Debug|x64.Build.0 = Debug|x64
		{B50961F4-FD6C-4ABD-AA7D-1879E01F996C}.Debug|x86.ActiveCfg = Debug|Win32
		{B50961F4-FD6C-4ABD-AA7D-1879E01F996C}.Debug|x86.Build.0 = Debug|Win32
		{B50961F4-FD6C-4ABD-AA7D-1879E01F996C}.Release|x64.ActiveCfg = Release|x64
		{B50961F4-FD6C-4ABD-AA7D-1879E01F996C}.Release|x64.Build.0 = Release|x64
		{B50961F4-FD6C-4ABD-AA7D-1879E01F996C}.Release|x86.ActiveCfg = Release|Win32
		{B50961F4-FD6C-4ABD-AA7D-1879E01F996C}.Release|x86.Build.0 = Release|Win32
		{3D5F2EFB-8C45-4A57-B3AC-21410B505091}.Debug|x64.ActiveCfg = Debug|x64
		{3D5F2EFB-8C45-4A57-B3AC-21410B505091}.Debug|x64.Build.0 = Debug|x64
		{3D5F2EFB-8C45-4A57-B3AC-21410B505091}.Debug|x86.ActiveCfg = Debug|Win32
		{3D5F2EFB-8C45-4A57-B3AC-21410B505091}.Debug|x86.Build.0 = Debug|Win32
		{3D5F2EFB-8C45-4A57-B3AC-21410B505091}.Release|x64.ActiveCfg = Release|x64
		{3D5F2EFB-8C45-4A57-B3AC-21410B505091}.Release|x64.Build.0 = Release|x64
		{3D5F2EFB-8C45-4A57-B3AC-21410B505091}.Release|x86.ActiveCfg = Release|Win32
		{3D5F2EFB-8C45-4A57-B3AC-21410B505091}.Release|x86.Build.0 = Release|Win32
		{C01A505D-BC71-4482-94FE-0AA6D83371F1}.Debug|x64.ActiveCfg = Debug|x64
		{C01A505D-BC71-4482-94FE-0AA6D83371F1}.Debug|x64.Build.0 = Debug|x64
		{C01A505D-BC71-4482-94FE-0AA6D83371F1}.Debug|x86.ActiveCfg = Debug|Win32
		{C01A505D-BC71-4482-94FE-0AA6D83371F1}.Debug|x86.Build.0 = Debug|Win32
		{C01A505D-BC71-4482-94FE-0AA6D83371F1}.Release|x64.ActiveCfg = Release|x64
		{C01A505D-BC71-4482-94FE-0AA6D83371F1}.Release|x64.Build.0 = Release|x64
		{C01A505D-BC71-4482-94FE-0AA6D83371F1}.Release|x86.ActiveCfg = Release|Win32
		{C01A505D-BC71-4482-94FE-0AA6D83371F1}.Release|x86.Build.0 = Release|Win32
		{228AF516-2024-4458-B461-096DE13383C6}.Debug|x64.ActiveCfg = Debug|x64
		{228AF516-2024-4458-B461-096DE13383C6}.Debug|x64.Build.0 = Debug|x64
		{228AF516-2024-4458-B461-096DE13383C6}.Debug|x86.ActiveCfg = Debug|Win32
		{228AF516-2024-4458-B461-096DE13383C6}.Debug|x86.Build.0 = Debug|Win32
		{228AF516-2024-4458-B461-096DE13383C6}.Release|x64.ActiveCfg = Release|x64
		{228AF516-2024-4458-B461-096DE13383C6}.Release|x64.Build.0 = Release|x64
		{228AF516-2024-4458-B461-096DE13383C6}.Release|x86.ActiveCfg = Release|Win32
		{228AF516-2024-4458-B461-096DE13383C6}.Release|x86.Build.0 = Release|Win32
		{88134B4C-86F5-41DD-9082-CB186EE487B9}.Debug|x64.ActiveCfg = Debug|x64
		{88134B4C-86F5-41DD-9082-CB186EE487B9}.Debug|x64.Build.0 = Debug|x64
		{88134B4C-86F5-41DD-9082-CB186EE487B9}.Debug|x86.ActiveCfg = Debug|Win32
		{88134B4C-86F5-41DD-9082-CB186EE487B9}.Debug|x86.Build.0 = Debug|Win32
		{88134B4C-86F5-41DD-9082-CB186EE487B9}.Release|x64.ActiveCfg = Release|x64
		{88134B4C-86F5-41DD-9082-CB186EE487B9}.Release|x64.Build.0 = Release|x64
		{88134B4C-86F5-41DD-9082-CB186EE487B9}.Release|x86.ActiveCfg = Release|Win32
		{88134B4C-86F5-41DD-9082-CB186EE487B9}.Release|x86.Build.0 = Release|Win32
		{6CA92A1D-26D9-4E22-BE7D-1AD094D79A27}.Debug|x64.ActiveCfg = Debug|x64
		{6CA92A1D-26D9-4E22-BE7D-1AD094D79A27}.Debug|x64.Build.0 = Debug|x64
		{6CA92A1D-26D9-4E22-BE7D-1AD094D79A27}.Debug|x86.ActiveCfg = Debug|Win32
		{6CA92A1D-26D9-4E22-BE7D-1AD094D79A27}.Debug|x86.Build.0 = Debug|Win32
		{6CA92A1D-26D9-4E22-BE7D-1AD094D79A27}.Release|x64.ActiveCfg = Release|x64
		{6CA92A1D-26D9-4E22-BE7D-1AD094D79A27}.Release|x64.Build.0 = Release|x64
		{6CA92A1D-26D9-4E22-BE7D-1AD094D79A27}.Release|x86.ActiveCfg = Release|Win32
		{6CA92A1D-26D9-4E22-BE7D-1AD094D79A27}.Release|x86.Build.0 = Release|Win32
		{9AFEBA20-BB61-4D8F-8A3E-63DFF488409C}.Debug|x64.ActiveCfg = Debug|x64
		{9AFEBA20-BB61-4D8F-8A3E-63DFF488409C}.Debug|x64.Build.0 = Debug|x64
		{9AFEBA20-BB61-4D8F-8A3E-63DFF488409C}.Debug|x86.ActiveCfg = Debug|Win32
		{9AFEBA20-BB61-4D8F-8A3E-63DFF488409C}.Debug|x86.Build.0 = Debug|Win32
		{9AFEBA20-BB61-4D8F-8A3E-63DFF488409C}.Release|x64.ActiveCfg = Release|x64
		{9AFEBA20-BB61-4D8F-8A3E-63DFF488409C}.Release|x64.Build.0 = Release|x64
		{9AFEBA20-BB61-4D8F-8A3E-63DFF488409C}.Release|x86.ActiveCfg = Release|Win32
		{9AFEBA20-BB61-4D8F-8A3E-63DFF488409C}.Release|x86.Build.0 = Release|Win32
		{EC788EC6-274E-4F3A-A62B-13A4F624569F}.Debug|x64.ActiveCfg = Debug|x64
		{EC788EC6-274E-4F3A-A62B-13A4F624569F}.Debug|x64.Build.0 = Debug|x64
		{EC788EC6-274E-4F3A-A62B-13A4F624569F}.Debug|x86.ActiveCfg = Debug|Win32
		{EC788EC6-274E-4F3A-A62B-13A4F624569F}.Debug|x86.Build.0 = Debug|Win32
		{EC788EC6-274E-4F3A-A62B-13A4F624569F}.Release|x64.ActiveCfg = Release|x64
		{EC788EC6-274E-4F3A-A62B-13A4F624569F}.Release|x64.Build.0 = Release|x64
		{EC788EC6-274E-4F3A-A62B-13A4F624569F}.Release|x86.ActiveCfg = Release|Win32
		{EC788EC6-274E-4F3A-A62B-13A4F624569F}.Release|x86.Build.0 = Release|Win32
		{19B0739C-BF9D-4BF7-9B41-85220102220C}.Debug|x64.ActiveCfg = Debug|x64
		{19B0739C-BF9D-4BF7-9B41-85220102220C}.Debug|x64.Build.0 = Debug|x64
		{19B0739C-BF9D-4BF7-9B41-85220102220C}.Debug|x86.ActiveCfg = Debug|Win32
		{19B0739C-BF9D-4BF7-9B41-85220102220C}.Debug|x86.Build.0 = Debug|Win32
		{19B0739C-BF9D-4BF7-9B41-85220102220C}.Release|x64.ActiveCfg = Release|x64
		{19B0739C-BF9D-4BF7-9B41-85220102220C}.Release|x64.Build.0 = Release|x64
		{19B0739C-BF9D-4BF7-9B41-85220102220C}.Release|x86.ActiveCfg = Release|Win32
		{19B0739C-BF9D-4BF7-9B41-85220102220C}.Release|x86.Build.0 = Release|Win32
		{2200211A-DC05-41B9-A1BC-0EC27CBCD7CA}.Debug|x64.ActiveCfg = Debug|x64
		{2200211A-DC05-41B9-A1BC-0EC27CBCD7CA}.Debug|x64.Build.0 = Debug|x64
		{2200211A-DC05-41B9-A1BC-0EC27CBCD7CA}.Debug|x86.ActiveCfg = Debug|Win32
		{2200211A-DC05-41B9-A1BC-0EC27CBCD7CA}.Debug|x86.Build.0 = Debug|Win32
		{2200211A-DC05-41B9-A1BC-0EC27CBCD7CA}.Release|x64.ActiveCfg = Release|x64
		{2200211A-DC05-41B9-A1BC-0EC27CBCD7CA}.Release|x64.Build.0 = Release|x64
		{2200211A-DC05-41B9-A1BC-0EC27CBCD7CA}.Release|x86.ActiveCfg = Release|Win32
		{2200211A-DC05-41B9-A1BC-0EC27CBCD7CA}.Release|x86.Build.0 = Release|Win32
		{5B37C650-599A-4A37-8255-C7897E6FBE16}.Debug|x64.ActiveCfg = Debug|x64
		{5B37C650-599A-4A37-8255-C7897E6FBE16}.Debug|x64.Build.0 = Debug|x64
		{5B37C650-599A-4A37-8255-C7897E6FBE16}.Debug|x86.ActiveCfg = Debug|Win32
		{5B37C650-599A-4A37-8255-C7897E6FBE16}.Debug|x86.Build.0 = Debug|Win32
		{5B37C650-599A-4A37-8255-C7897E6FBE16}.Release|x64.ActiveCfg = Release|x64
		{5B37C650-599A-4A37-8255-C7897E6FBE16}.Release|x64.Build.0 = Release|x64
		{5B37C650-599A-4A37-8255-C7897E6FBE16}.Release|x86.ActiveCfg = Release|Win32
		{5B37C650-599A-4A37-8255-C7897E6FBE16}.Release|x86.Build.0 = Release|Win32
		{4E38AF9B-B538-4AA5-A312-BDADC90C95F3}.Debug|x64.ActiveCfg = Debug|x64
		{4E38AF9B-B538-4AA5-A312-BDADC90C95F3}.Debug|x64.Build.0 = Debug|x64
		{4E38AF9B-B538-4AA5-A312-BDADC90C95F3}.Debug|x86.ActiveCfg = Debug|Win32
		{4E38AF9B-B538-4AA5-A312-BDADC90C95F3}.Debug|x86.Build.0 = Debug|Win32
		{4E38AF9B-B538-4AA5-A312-BDADC90C95F3}.Release|x64.ActiveCfg = Release|x64
		{4E38AF9B-B538-4AA5-A312-BDADC90C95F3}.Release|x64.Build.0 = Release|x64
		{4E38AF9B-B538-4AA5-A312-BDADC90C95F3}.Release|x86.ActiveCfg = Release|Win32
		{4E38AF9B-B538-4AA5-A312-BDADC90C95F3}.Release|x86.Build.0 = Release|Win32
		{1A628F34-60EF-41CC-A907-F420DD6D8396}.Debug|x64.ActiveCfg = Debug|x64
		{1A628F34-60EF-41CC-A907-F420DD6D8396}.Debug|x64.Build.0 = Debug|x64
		{1A628F34-60EF-41CC-A907-F420DD6D8396}.Debug|x86.ActiveCfg = Debug|Win32
		{1A628F34-60EF-41CC-A907-F420DD6D8396}.Debug|x86.Build.0 = Debug|Win32
		{1A628F34-60EF-41CC-A907-F420DD6D8396}.Release|x64.ActiveCfg = Release|x64
		{1A628F34-60EF-41CC-A907-F420DD6D8396}.Release|x64.Build.0 = Release|x64
		{1A628F34-60EF-41CC-A907-F420DD6D8396}.Release|x86.ActiveCfg = Release|Win32
		{1A628F34-60EF-41CC-A907-F420DD6D8396}.Release|x86.Build.0 = Release|Win32
		{DF4EAE6A-D799-4AC6-B789-51D2179466F4}.Debug|x64.ActiveCfg = Debug|x64
		{DF4EAE6A-D799-4AC6-B789-51D2179466F4}.Debug|x64.Build.0 = Debug|x64
		{DF4EAE6A-D799-4AC6-B789-51D2179466F4}.Debug|x86.ActiveCfg = Debug|Win32
		{DF4EAE6A-D799-4AC6-B789-51D2179466F4}.Debug|x86.Build.0 = Debug|Win32
		{DF4EAE6A-D799-4AC6-B789-51D2179466F4}.Release|x64.ActiveCfg = Release|x64
		{DF4EAE6A-D799-4AC6-B789-51D2179466F4}.Release|x64.Build.0 = Release|x64
		{DF4EAE6A-D799-4AC6-B789-51D2179466F4}.Release|x86.ActiveCfg = Release|Win32
		{DF4EAE6A-D799-4AC6-B789-51D2179466F4}.Release|x86.Build.0 = Release|Win32
		{4A746FE3-5F4A-4F6B-9B55-55059394EC6D}.Debug|x64.ActiveCfg = Debug|x64
		{4A746FE3-5F4A-4F6B-9B55-55059394EC6D}.Debug|x64.Build.0 = Debug|x64
		{4A746FE3-5F4A-4F6B-9B55-55059394EC6D}.Debug|x86.ActiveCfg = Debug|Win32
		{4A746FE3-5F4A-4F6B-9B55-55059394EC6D}.Debug|x86.Build.0 = Debug|Win32
		{4A746FE3-5F4A-4F6B-9B55-55059394EC6D}.Release|x64.ActiveCfg = Release|x64
		{4A746FE3-5F4A-4F6B-9B55-55059394EC6D}.Release|x64.Build.0 = Release|x64
		{4A746FE3-5F4A-4F6B-9B55-55059394EC6D}.Release|x86.ActiveCfg = Release|Win32
		{4A746FE3-5F4A-4F6B-9B55-55059394EC6D}.Release|x86.Build.0 = Release|Win32
		{48937017-2FB2-4AFC-8085-03BFCBDF11AD}.Debug|x64.ActiveCfg = Debug|x64
		{48937017-2FB2-4AFC-8085-03BFCBDF11AD}.Debug|x64.Build.0 = Debug|x64
		{48937017-2FB2-4AFC-8085-03BFCBDF11AD}.Debug|x86.ActiveCfg = Debug|Win32
		{48937017-2FB2-4AFC-8085-03BFCBDF11AD}.Debug|x86.Build.0 = Debug|Win32
		{48937017-2FB2-4AFC-8085-03BFCBDF11AD}.Release|x64.ActiveCfg = Release|x64
		{48937017-2FB2-4AFC-8085-03BFCBDF11AD}.Release|x64.Build.0 = Release|x64
		{48937017-2FB2-4AFC-8085-03BFCBDF11AD}.Release|x86.ActiveCfg = Release|Win32
		{48937017-2FB2-4AFC-8085-03BFCBDF11AD}.Release|x86.Build.0 = Release|Win32
	EndGlobalSection
	GlobalSection(SolutionProperties) = preSolution
		HideSolutionNode = FALSE
	EndGlobalSection
EndGlobal
