
Microsoft Visual Studio Solution File, Format Version 12.00
# Visual Studio 14
VisualStudioVersion = 14.0.24720.0
MinimumVisualStudioVersion = 10.0.40219.1
Project("{8BC9CEB8-8B4A-11D0-8D11-00A0C91BC942}") = "Example 01", "Example 01\Example 01.vcxproj", "{D03ADF69-674B-44E5-98B6-6FA55334A4FB}"
EndProject
Project("{8BC9CEB8-8B4A-11D0-8D11-00A0C91BC942}") = "Example 02", "Example 02\Example 02.vcxproj", "{DA6E68FB-A754-421C-91DF-D93F37A6CF92}"
EndProject
Project("{8BC9CEB8-8B4A-11D0-8D11-00A0C91BC942}") = "Example 03", "Example 03\Example 03.vcxproj", "{DC698D97-7953-4618-849A-5CAE7D9D0BD8}"
EndProject
Project("{8BC9CEB8-8B4A-11D0-8D11-00A0C91BC942}") = "Example 04", "Example 04\Example 04.vcxproj", "{F9DB27F2-4D8A-4B3A-9582-F1A92B0145B0}"
EndProject
Project("{8BC9CEB8-8B4A-11D0-8D11-00A0C91BC942}") = "Example 05", "Example 05\Example 05.vcxproj", "{255F38E3-0837-4DC9-9FBE-44C5A8E6EAFD}"
EndProject
Project("{8BC9CEB8-8B4A-11D0-8D11-00A0C91BC942}") = "Example 06", "Example 06\Example 06.vcxproj", "{956B6726-1D2E-4178-B33A-E38CAAE8262F}"
EndProject
Project("{8BC9CEB8-8B4A-11D0-8D11-00A0C91BC942}") = "Example 07", "Example 07\Example 07.vcxproj", "{F729E3AF-9839-4CA4-A7E1-E6F392E26CCB}"
EndProject
Project("{8BC9CEB8-8B4A-11D0-8D11-00A0C91BC942}") = "Example 08", "Example 08\Example 08.vcxproj", "{E4DD77A2-A5B6-4973-A9FC-44DCEF915586}"
EndProject
Project("{8BC9CEB8-8B4A-11D0-8D11-00A0C91BC942}") = "Example 09", "Example 09\Example 09.vcxproj", "{BE224C4C-70A8-4612-A33C-F1C37B60E097}"
EndProject
Project("{8BC9CEB8-8B4A-11D0-8D11-00A0C91BC942}") = "Example 10", "Example 10\Example 10.vcxproj", "{C9F97F5D-27BB-475B-9CAB-6FF96B4EC3FD}"
EndProject
Global
	GlobalSection(SolutionConfigurationPlatforms) = preSolution
		Debug|x64 = Debug|x64
		Debug|x86 = Debug|x86
		Release|x64 = Release|x64
		Release|x86 = Release|x86
	EndGlobalSection
	GlobalSection(ProjectConfigurationPlatforms) = postSolution
		{D03ADF69-674B-44E5-98B6-6FA55334A4FB}.Debug|x64.ActiveCfg = Debug|x64
		{D03ADF69-674B-44E5-98B6-6FA55334A4FB}.Debug|x64.Build.0 = Debug|x64
		{D03ADF69-674B-44E5-98B6-6FA55334A4FB}.Debug|x86.ActiveCfg = Debug|Win32
		{D03ADF69-674B-44E5-98B6-6FA55334A4FB}.Debug|x86.Build.0 = Debug|Win32
		{D03ADF69-674B-44E5-98B6-6FA55334A4FB}.Release|x64.ActiveCfg = Release|x64
		{D03ADF69-674B-44E5-98B6-6FA55334A4FB}.Release|x64.Build.0 = Release|x64
		{D03ADF69-674B-44E5-98B6-6FA55334A4FB}.Release|x86.ActiveCfg = Release|Win32
		{D03ADF69-674B-44E5-98B6-6FA55334A4FB}.Release|x86.Build.0 = Release|Win32
		{DA6E68FB-A754-421C-91DF-D93F37A6CF92}.Debug|x64.ActiveCfg = Debug|x64
		{DA6E68FB-A754-421C-91DF-D93F37A6CF92}.Debug|x64.Build.0 = Debug|x64
		{DA6E68FB-A754-421C-91DF-D93F37A6CF92}.Debug|x86.ActiveCfg = Debug|Win32
		{DA6E68FB-A754-421C-91DF-D93F37A6CF92}.Debug|x86.Build.0 = Debug|Win32
		{DA6E68FB-A754-421C-91DF-D93F37A6CF92}.Release|x64.ActiveCfg = Release|x64
		{DA6E68FB-A754-421C-91DF-D93F37A6CF92}.Release|x64.Build.0 = Release|x64
		{DA6E68FB-A754-421C-91DF-D93F37A6CF92}.Release|x86.ActiveCfg = Release|Win32
		{DA6E68FB-A754-421C-91DF-D93F37A6CF92}.Release|x86.Build.0 = Release|Win32
		{DC698D97-7953-4618-849A-5CAE7D9D0BD8}.Debug|x64.ActiveCfg = Debug|x64
		{DC698D97-7953-4618-849A-5CAE7D9D0BD8}.Debug|x64.Build.0 = Debug|x64
		{DC698D97-7953-4618-849A-5CAE7D9D0BD8}.Debug|x86.ActiveCfg = Debug|Win32
		{DC698D97-7953-4618-849A-5CAE7D9D0BD8}.Debug|x86.Build.0 = Debug|Win32
		{DC698D97-7953-4618-849A-5CAE7D9D0BD8}.Release|x64.ActiveCfg = Release|x64
		{DC698D97-7953-4618-849A-5CAE7D9D0BD8}.Release|x64.Build.0 = Release|x64
		{DC698D97-7953-4618-849A-5CAE7D9D0BD8}.Release|x86.ActiveCfg = Release|Win32
		{DC698D97-7953-4618-849A-5CAE7D9D0BD8}.Release|x86.Build.0 = Release|Win32
		{F9DB27F2-4D8A-4B3A-9582-F1A92B0145B0}.Debug|x64.ActiveCfg = Debug|x64
		{F9DB27F2-4D8A-4B3A-9582-F1A92B0145B0}.Debug|x64.Build.0 = Debug|x64
		{F9DB27F2-4D8A-4B3A-9582-F1A92B0145B0}.Debug|x86.ActiveCfg = Debug|Win32
		{F9DB27F2-4D8A-4B3A-9582-F1A92B0145B0}.Debug|x86.Build.0 = Debug|Win32
		{F9DB27F2-4D8A-4B3A-9582-F1A92B0145B0}.Release|x64.ActiveCfg = Release|x64
		{F9DB27F2-4D8A-4B3A-9582-F1A92B0145B0}.Release|x64.Build.0 = Release|x64
		{F9DB27F2-4D8A-4B3A-9582-F1A92B0145B0}.Release|x86.ActiveCfg = Release|Win32
		{F9DB27F2-4D8A-4B3A-9582-F1A92B0145B0}.Release|x86.Build.0 = Release|Win32
		{255F38E3-0837-4DC9-9FBE-44C5A8E6EAFD}.Debug|x64.ActiveCfg = Debug|x64
		{255F38E3-0837-4DC9-9FBE-44C5A8E6EAFD}.Debug|x64.Build.0 = Debug|x64
		{255F38E3-0837-4DC9-9FBE-44C5A8E6EAFD}.Debug|x86.ActiveCfg = Debug|Win32
		{255F38E3-0837-4DC9-9FBE-44C5A8E6EAFD}.Debug|x86.Build.0 = Debug|Win32
		{255F38E3-0837-4DC9-9FBE-44C5A8E6EAFD}.Release|x64.ActiveCfg = Release|x64
		{255F38E3-0837-4DC9-9FBE-44C5A8E6EAFD}.Release|x64.Build.0 = Release|x64
		{255F38E3-0837-4DC9-9FBE-44C5A8E6EAFD}.Release|x86.ActiveCfg = Release|Win32
		{255F38E3-0837-4DC9-9FBE-44C5A8E6EAFD}.Release|x86.Build.0 = Release|Win32
		{956B6726-1D2E-4178-B33A-E38CAAE8262F}.Debug|x64.ActiveCfg = Debug|x64
		{956B6726-1D2E-4178-B33A-E38CAAE8262F}.Debug|x64.Build.0 = Debug|x64
		{956B6726-1D2E-4178-B33A-E38CAAE8262F}.Debug|x86.ActiveCfg = Debug|Win32
		{956B6726-1D2E-4178-B33A-E38CAAE8262F}.Debug|x86.Build.0 = Debug|Win32
		{956B6726-1D2E-4178-B33A-E38CAAE8262F}.Release|x64.ActiveCfg = Release|x64
		{956B6726-1D2E-4178-B33A-E38CAAE8262F}.Release|x64.Build.0 = Release|x64
		{956B6726-1D2E-4178-B33A-E38CAAE8262F}.Release|x86.ActiveCfg = Release|Win32
		{956B6726-1D2E-4178-B33A-E38CAAE8262F}.Release|x86.Build.0 = Release|Win32
		{F729E3AF-9839-4CA4-A7E1-E6F392E26CCB}.Debug|x64.ActiveCfg = Debug|x64
		{F729E3AF-9839-4CA4-A7E1-E6F392E26CCB}.Debug|x64.Build.0 = Debug|x64
		{F729E3AF-9839-4CA4-A7E1-E6F392E26CCB}.Debug|x86.ActiveCfg = Debug|Win32
		{F729E3AF-9839-4CA4-A7E1-E6F392E26CCB}.Debug|x86.Build.0 = Debug|Win32
		{F729E3AF-9839-4CA4-A7E1-E6F392E26CCB}.Release|x64.ActiveCfg = Release|x64
		{F729E3AF-9839-4CA4-A7E1-E6F392E26CCB}.Release|x64.Build.0 = Release|x64
		{F729E3AF-9839-4CA4-A7E1-E6F392E26CCB}.Release|x86.ActiveCfg = Release|Win32
		{F729E3AF-9839-4CA4-A7E1-E6F392E26CCB}.Release|x86.Build.0 = Release|Win32
		{E4DD77A2-A5B6-4973-A9FC-44DCEF915586}.Debug|x64.ActiveCfg = Debug|x64
		{E4DD77A2-A5B6-4973-A9FC-44DCEF915586}.Debug|x64.Build.0 = Debug|x64
		{E4DD77A2-A5B6-4973-A9FC-44DCEF915586}.Debug|x86.ActiveCfg = Debug|Win32
		{E4DD77A2-A5B6-4973-A9FC-44DCEF915586}.Debug|x86.Build.0 = Debug|Win32
		{E4DD77A2-A5B6-4973-A9FC-44DCEF915586}.Release|x64.ActiveCfg = Release|x64
		{E4DD77A2-A5B6-4973-A9FC-44DCEF915586}.Release|x64.Build.0 = Release|x64
		{E4DD77A2-A5B6-4973-A9FC-44DCEF915586}.Release|x86.ActiveCfg = Release|Win32
		{E4DD77A2-A5B6-4973-A9FC-44DCEF915586}.Release|x86.Build.0 = Release|Win32
		{BE224C4C-70A8-4612-A33C-F1C37B60E097}.Debug|x64.ActiveCfg = Debug|x64
		{BE224C4C-70A8-4612-A33C-F1C37B60E097}.Debug|x64.Build.0 = Debug|x64
		{BE224C4C-70A8-4612-A33C-F1C37B60E097}.Debug|x86.ActiveCfg = Debug|Win32
		{BE224C4C-70A8-4612-A33C-F1C37B60E097}.Debug|x86.Build.0 = Debug|Win32
		{BE224C4C-70A8-4612-A33C-F1C37B60E097}.Release|x64.ActiveCfg = Release|x64
		{BE224C4C-70A8-4612-A33C-F1C37B60E097}.Release|x64.Build.0 = Release|x64
		{BE224C4C-70A8-4612-A33C-F1C37B60E097}.Release|x86.ActiveCfg = Release|Win32
		{BE224C4C-70A8-4612-A33C-F1C37B60E097}.Release|x86.Build.0 = Release|Win32
		{C9F97F5D-27BB-475B-9CAB-6FF96B4EC3FD}.Debug|x64.ActiveCfg = Debug|x64
		{C9F97F5D-27BB-475B-9CAB-6FF96B4EC3FD}.Debug|x64.Build.0 = Debug|x64
		{C9F97F5D-27BB-475B-9CAB-6FF96B4EC3FD}.Debug|x86.ActiveCfg = Debug|Win32
		{C9F97F5D-27BB-475B-9CAB-6FF96B4EC3FD}.Debug|x86.Build.0 = Debug|Win32
		{C9F97F5D-27BB-475B-9CAB-6FF96B4EC3FD}.Release|x64.ActiveCfg = Release|x64
		{C9F97F5D-27BB-475B-9CAB-6FF96B4EC3FD}.Release|x64.Build.0 = Release|x64
		{C9F97F5D-27BB-475B-9CAB-6FF96B4EC3FD}.Release|x86.ActiveCfg = Release|Win32
		{C9F97F5D-27BB-475B-9CAB-6FF96B4EC3FD}.Release|x86.Build.0 = Release|Win32
	EndGlobalSection
	GlobalSection(SolutionProperties) = preSolution
		HideSolutionNode = FALSE
	EndGlobalSection
EndGlobal
